// !$*UTF8*$!
{
	archiveVersion = 1;
	classes = {
	};
	objectVersion = 54;
	objects = {

/* Begin PBXBuildFile section */
		"034D5586-6C74-494D-8C53-16202FA2B2AC" /* tinyxmlparser.cpp in Sources */ = {isa = PBXBuildFile; fileRef = "1AD174FA-B9C7-4FA3-A71B-0ED96D416740" /* tinyxmlparser.cpp */; };
		"1D09A02D-22C0-47C5-975D-379C883D23FE" /* tinyxml.cpp in Sources */ = {isa = PBXBuildFile; fileRef = "4B05D99C-5DB5-4B65-93BE-5C7CFD73D292" /* tinyxml.cpp */; };
		"28EF44D6-7F57-47C1-96CB-48A0261C0924" /* RuleSet.cpp in Sources */ = {isa = PBXBuildFile; fileRef = "C3715A13-768B-47A5-850A-8C57C09158CD" /* RuleSet.cpp */; };
		"41279C90-7FD3-4A9F-9C97-186D0B07C459" /* TransformAction.cpp in Sources */ = {isa = PBXBuildFile; fileRef = "FCE629C7-AE34-4531-B1E5-CAD5F7A9D358" /* TransformAction.cpp */; };
		"418361EF-CFBD-40F5-9A08-98FF864EC9CB" /* testApp.cpp in Sources */ = {isa = PBXBuildFile; fileRef = "71FB53CE-58B9-4B86-962F-E31819D07EFD" /* testApp.cpp */; };
		"42BB8D38-FD4A-4627-82E5-376ECC580D68" /* LineAction.cpp in Sources */ = {isa = PBXBuildFile; fileRef = "4FDC59E5-941E-46CE-989A-E12701B8D675" /* LineAction.cpp */; };
		"4347673D-4488-49B2-A7A1-4D24145FE028" /* Action.cpp in Sources */ = {isa = PBXBuildFile; fileRef = "4D020228-01CD-4108-BB99-1562AE7392EC" /* Action.cpp */; };
		"59F6563B-8F3D-4A9B-BE2E-AD9E841F65B7" /* PlaneAction.cpp in Sources */ = {isa = PBXBuildFile; fileRef = "B941ECAB-3B38-4DDD-B0B4-A5FB36CEA2A1" /* PlaneAction.cpp */; };
		"91434D13-F95A-4067-BA79-F9661303DFF2" /* PointAction.cpp in Sources */ = {isa = PBXBuildFile; fileRef = "0E2435F5-F531-4BCE-87ED-7C98C64FDBB3" /* PointAction.cpp */; };
		"927DAD19-6613-4BAF-A858-16AE7FB9EAA3" /* TubeAction.cpp in Sources */ = {isa = PBXBuildFile; fileRef = "1C9B3788-9234-4A6D-8D6E-E62A3EE64451" /* TubeAction.cpp */; };
		"A87C893B-C035-44CC-834B-80A7688B7A98" /* Rules.cpp in Sources */ = {isa = PBXBuildFile; fileRef = "CD72BBB5-1A3F-4ECD-ACAF-1E8BAD62C6C2" /* Rules.cpp */; };
		"AE6C46CF-E10F-4A3A-A392-F12B4128BF31" /* CubeAction.cpp in Sources */ = {isa = PBXBuildFile; fileRef = "8C851A2F-D1BC-4246-A711-D79A98C1A17F" /* CubeAction.cpp */; };
		"B18972C9-DF35-46DF-B6CF-98F1BDB692E6" /* ConeAction.cpp in Sources */ = {isa = PBXBuildFile; fileRef = "A83D928F-5E55-4866-9B93-97DDD1BB04C8" /* ConeAction.cpp */; };
		"B34CE60D-0270-490D-99EA-73D3004FDF6A" /* ofxXmlSettings.cpp in Sources */ = {isa = PBXBuildFile; fileRef = "00E45D86-A8D8-466E-83F8-9F9C53BE5A51" /* ofxXmlSettings.cpp */; };
		"B8545085-170F-4744-BAA9-408713176C9B" /* Branch.cpp in Sources */ = {isa = PBXBuildFile; fileRef = "E8B8FAB9-E6B3-42E9-A809-5E75C703615D" /* Branch.cpp */; };
		"C10F4E97-6437-490D-A8D4-FC6D9DD56E83" /* Rule.cpp in Sources */ = {isa = PBXBuildFile; fileRef = "DE853EEE-5F29-48DD-97CD-9014B227F0E8" /* Rule.cpp */; };
		"D8F97787-91D5-488F-A3C3-F4A6DA704522" /* IcosphereAction.cpp in Sources */ = {isa = PBXBuildFile; fileRef = "92BC9AF4-5998-4AA9-B549-66B6FF2DF8DC" /* IcosphereAction.cpp */; };
		E4B69E200A3A1BDC003C02F2 /* main.cpp in Sources */ = {isa = PBXBuildFile; fileRef = E4B69E1D0A3A1BDC003C02F2 /* main.cpp */; };
		"EF88CDC7-806A-4FD5-B763-02F2AE68CCED" /* tinyxmlerror.cpp in Sources */ = {isa = PBXBuildFile; fileRef = "EDE3AE7E-F0B9-4A1B-B0D1-59B4C7F1CD50" /* tinyxmlerror.cpp */; };
/* End PBXBuildFile section */

/* Begin PBXCopyFilesBuildPhase section */
		E4A5B60F29BAAAE400C2D356 /* CopyFiles */ = {
			isa = PBXCopyFilesBuildPhase;
			buildActionMask = 2147483647;
			dstPath = "";
			dstSubfolderSpec = 6;
			files = (
			);
			runOnlyForDeploymentPostprocessing = 0;
		};
		E4C2427710CC5ABF004149E2 /* CopyFiles */ = {
			isa = PBXCopyFilesBuildPhase;
			buildActionMask = 2147483647;
			dstPath = "";
			dstSubfolderSpec = 10;
			files = (
			);
			runOnlyForDeploymentPostprocessing = 0;
		};
/* End PBXCopyFilesBuildPhase section */

/* Begin PBXFileReference section */
		"00E45D86-A8D8-466E-83F8-9F9C53BE5A51" /* ofxXmlSettings.cpp */ = {isa = PBXFileReference; explicitFileType = sourcecode.cpp.cpp; fileEncoding = 4; name = ofxXmlSettings.cpp; path = ../../../addons/ofxXmlSettings/src/ofxXmlSettings.cpp; sourceTree = SOURCE_ROOT; };
		"062A5628-E305-4BE4-9DA7-5843CFE2A781" /* Rule.h */ = {isa = PBXFileReference; explicitFileType = sourcecode.c.h; fileEncoding = 4; name = Rule.h; path = ../../../addons/ofxRules/src/Rule.h; sourceTree = SOURCE_ROOT; };
		"0E2435F5-F531-4BCE-87ED-7C98C64FDBB3" /* PointAction.cpp */ = {isa = PBXFileReference; explicitFileType = sourcecode.cpp.cpp; fileEncoding = 4; name = PointAction.cpp; path = ../../../addons/ofxRules/src/actions/PointAction.cpp; sourceTree = SOURCE_ROOT; };
		"187D3592-C0EE-47E0-AC89-F0AD578CE86A" /* PointAction.h */ = {isa = PBXFileReference; explicitFileType = sourcecode.c.h; fileEncoding = 4; name = PointAction.h; path = ../../../addons/ofxRules/src/actions/PointAction.h; sourceTree = SOURCE_ROOT; };
		191CD6FA2847E21E0085CBB6 /* of.entitlements */ = {isa = PBXFileReference; fileEncoding = 4; lastKnownFileType = text.plist.entitlements; path = of.entitlements; sourceTree = "<group>"; };
		191EF70929D778A400F35F26 /* openFrameworks */ = {isa = PBXFileReference; lastKnownFileType = folder; name = openFrameworks; path = ../../../libs/openFrameworks; sourceTree = SOURCE_ROOT; };
		"1AD174FA-B9C7-4FA3-A71B-0ED96D416740" /* tinyxmlparser.cpp */ = {isa = PBXFileReference; explicitFileType = sourcecode.cpp.cpp; fileEncoding = 4; name = tinyxmlparser.cpp; path = ../../../addons/ofxXmlSettings/libs/tinyxmlparser.cpp; sourceTree = SOURCE_ROOT; };
		"1C9B3788-9234-4A6D-8D6E-E62A3EE64451" /* TubeAction.cpp */ = {isa = PBXFileReference; explicitFileType = sourcecode.cpp.cpp; fileEncoding = 4; name = TubeAction.cpp; path = ../../../addons/ofxRules/src/actions/TubeAction.cpp; sourceTree = SOURCE_ROOT; };
		"221A701E-BB3D-4F24-BC74-3D766066AA05" /* CubeAction.h */ = {isa = PBXFileReference; explicitFileType = sourcecode.c.h; fileEncoding = 4; name = CubeAction.h; path = ../../../addons/ofxRules/src/actions/CubeAction.h; sourceTree = SOURCE_ROOT; };
		"2AF7B20F-61AF-431B-B14D-038D35F54832" /* ofxXmlSettings.h */ = {isa = PBXFileReference; explicitFileType = sourcecode.c.h; fileEncoding = 4; name = ofxXmlSettings.h; path = ../../../addons/ofxXmlSettings/src/ofxXmlSettings.h; sourceTree = SOURCE_ROOT; };
		"3F462BDC-56D6-4BAC-8A38-F909DF2C6890" /* tinyxml.h */ = {isa = PBXFileReference; explicitFileType = sourcecode.c.h; fileEncoding = 4; name = tinyxml.h; path = ../../../addons/ofxXmlSettings/libs/tinyxml.h; sourceTree = SOURCE_ROOT; };
		"411D97F4-F2EC-41B0-AE81-9AF31A4DE9F6" /* Branch.h */ = {isa = PBXFileReference; explicitFileType = sourcecode.c.h; fileEncoding = 4; name = Branch.h; path = ../../../addons/ofxRules/src/Branch.h; sourceTree = SOURCE_ROOT; };
		"4B05D99C-5DB5-4B65-93BE-5C7CFD73D292" /* tinyxml.cpp */ = {isa = PBXFileReference; explicitFileType = sourcecode.cpp.cpp; fileEncoding = 4; name = tinyxml.cpp; path = ../../../addons/ofxXmlSettings/libs/tinyxml.cpp; sourceTree = SOURCE_ROOT; };
		"4C5B7673-3645-4621-9591-6C2478D89C8B" /* PlaneAction.h */ = {isa = PBXFileReference; explicitFileType = sourcecode.c.h; fileEncoding = 4; name = PlaneAction.h; path = ../../../addons/ofxRules/src/actions/PlaneAction.h; sourceTree = SOURCE_ROOT; };
		"4D020228-01CD-4108-BB99-1562AE7392EC" /* Action.cpp */ = {isa = PBXFileReference; explicitFileType = sourcecode.cpp.cpp; fileEncoding = 4; name = Action.cpp; path = ../../../addons/ofxRules/src/actions/Action.cpp; sourceTree = SOURCE_ROOT; };
		"4FDC59E5-941E-46CE-989A-E12701B8D675" /* LineAction.cpp */ = {isa = PBXFileReference; explicitFileType = sourcecode.cpp.cpp; fileEncoding = 4; name = LineAction.cpp; path = ../../../addons/ofxRules/src/actions/LineAction.cpp; sourceTree = SOURCE_ROOT; };
		"6E2FB073-EA09-41B0-AF30-48DF0D4DEA56" /* LineAction.h */ = {isa = PBXFileReference; explicitFileType = sourcecode.c.h; fileEncoding = 4; name = LineAction.h; path = ../../../addons/ofxRules/src/actions/LineAction.h; sourceTree = SOURCE_ROOT; };
		"71FB53CE-58B9-4B86-962F-E31819D07EFD" /* testApp.cpp */ = {isa = PBXFileReference; explicitFileType = sourcecode.cpp.cpp; fileEncoding = 4; name = testApp.cpp; path = src/testApp.cpp; sourceTree = SOURCE_ROOT; };
		"7423C4E1-B6AC-4521-906E-5870296B0A76" /* ConeAction.h */ = {isa = PBXFileReference; explicitFileType = sourcecode.c.h; fileEncoding = 4; name = ConeAction.h; path = ../../../addons/ofxRules/src/actions/ConeAction.h; sourceTree = SOURCE_ROOT; };
		"85D9F696-B0B7-4800-80BF-4277E4CC77A4" /* TubeAction.h */ = {isa = PBXFileReference; explicitFileType = sourcecode.c.h; fileEncoding = 4; name = TubeAction.h; path = ../../../addons/ofxRules/src/actions/TubeAction.h; sourceTree = SOURCE_ROOT; };
		"8C851A2F-D1BC-4246-A711-D79A98C1A17F" /* CubeAction.cpp */ = {isa = PBXFileReference; explicitFileType = sourcecode.cpp.cpp; fileEncoding = 4; name = CubeAction.cpp; path = ../../../addons/ofxRules/src/actions/CubeAction.cpp; sourceTree = SOURCE_ROOT; };
		"92BC9AF4-5998-4AA9-B549-66B6FF2DF8DC" /* IcosphereAction.cpp */ = {isa = PBXFileReference; explicitFileType = sourcecode.cpp.cpp; fileEncoding = 4; name = IcosphereAction.cpp; path = ../../../addons/ofxRules/src/actions/IcosphereAction.cpp; sourceTree = SOURCE_ROOT; };
		"9B909B96-89DC-49BE-ADCA-CB75680A77CC" /* RuleSet.h */ = {isa = PBXFileReference; explicitFileType = sourcecode.c.h; fileEncoding = 4; name = RuleSet.h; path = ../../../addons/ofxRules/src/RuleSet.h; sourceTree = SOURCE_ROOT; };
		"A83D928F-5E55-4866-9B93-97DDD1BB04C8" /* ConeAction.cpp */ = {isa = PBXFileReference; explicitFileType = sourcecode.cpp.cpp; fileEncoding = 4; name = ConeAction.cpp; path = ../../../addons/ofxRules/src/actions/ConeAction.cpp; sourceTree = SOURCE_ROOT; };
		"B7E24232-7E0B-4BB0-A34B-68F867B523F0" /* IcosphereAction.h */ = {isa = PBXFileReference; explicitFileType = sourcecode.c.h; fileEncoding = 4; name = IcosphereAction.h; path = ../../../addons/ofxRules/src/actions/IcosphereAction.h; sourceTree = SOURCE_ROOT; };
		"B941ECAB-3B38-4DDD-B0B4-A5FB36CEA2A1" /* PlaneAction.cpp */ = {isa = PBXFileReference; explicitFileType = sourcecode.cpp.cpp; fileEncoding = 4; name = PlaneAction.cpp; path = ../../../addons/ofxRules/src/actions/PlaneAction.cpp; sourceTree = SOURCE_ROOT; };
		"C3715A13-768B-47A5-850A-8C57C09158CD" /* RuleSet.cpp */ = {isa = PBXFileReference; explicitFileType = sourcecode.cpp.cpp; fileEncoding = 4; name = RuleSet.cpp; path = ../../../addons/ofxRules/src/RuleSet.cpp; sourceTree = SOURCE_ROOT; };
		"CD72BBB5-1A3F-4ECD-ACAF-1E8BAD62C6C2" /* Rules.cpp */ = {isa = PBXFileReference; explicitFileType = sourcecode.cpp.cpp; fileEncoding = 4; name = Rules.cpp; path = ../../../addons/ofxRules/src/Rules.cpp; sourceTree = SOURCE_ROOT; };
		"DE853EEE-5F29-48DD-97CD-9014B227F0E8" /* Rule.cpp */ = {isa = PBXFileReference; explicitFileType = sourcecode.cpp.cpp; fileEncoding = 4; name = Rule.cpp; path = ../../../addons/ofxRules/src/Rule.cpp; sourceTree = SOURCE_ROOT; };
		"DF4FC6B6-6FD6-4776-923E-187EC2AB4AA0" /* Action.h */ = {isa = PBXFileReference; explicitFileType = sourcecode.c.h; fileEncoding = 4; name = Action.h; path = ../../../addons/ofxRules/src/actions/Action.h; sourceTree = SOURCE_ROOT; };
		"E416088A-33DB-46A3-881A-EED5A25395A8" /* testApp.h */ = {isa = PBXFileReference; explicitFileType = sourcecode.c.h; fileEncoding = 4; name = testApp.h; path = src/testApp.h; sourceTree = SOURCE_ROOT; };
		E4B69B5B0A3A1756003C02F2 /* example-file-liveDebug.app */ = {isa = PBXFileReference; explicitFileType = wrapper.application; includeInIndex = 0; path = "example-file-liveDebug.app"; sourceTree = BUILT_PRODUCTS_DIR; };
		E4B69E1D0A3A1BDC003C02F2 /* main.cpp */ = {isa = PBXFileReference; fileEncoding = 4; lastKnownFileType = sourcecode.cpp.cpp; name = main.cpp; path = src/main.cpp; sourceTree = SOURCE_ROOT; };
		E4B6FCAD0C3E899E008CF71C /* openFrameworks-Info.plist */ = {isa = PBXFileReference; fileEncoding = 4; lastKnownFileType = text.plist.xml; path = "openFrameworks-Info.plist"; sourceTree = "<group>"; };
		E4EB6923138AFD0F00A09F29 /* Project.xcconfig */ = {isa = PBXFileReference; fileEncoding = 4; lastKnownFileType = text.xcconfig; path = Project.xcconfig; sourceTree = "<group>"; };
		"E8B8FAB9-E6B3-42E9-A809-5E75C703615D" /* Branch.cpp */ = {isa = PBXFileReference; explicitFileType = sourcecode.cpp.cpp; fileEncoding = 4; name = Branch.cpp; path = ../../../addons/ofxRules/src/Branch.cpp; sourceTree = SOURCE_ROOT; };
		"EDE3AE7E-F0B9-4A1B-B0D1-59B4C7F1CD50" /* tinyxmlerror.cpp */ = {isa = PBXFileReference; explicitFileType = sourcecode.cpp.cpp; fileEncoding = 4; name = tinyxmlerror.cpp; path = ../../../addons/ofxXmlSettings/libs/tinyxmlerror.cpp; sourceTree = SOURCE_ROOT; };
		"F2E0006E-FC39-418E-919A-D699041177E5" /* ofxRules.h */ = {isa = PBXFileReference; explicitFileType = sourcecode.c.h; fileEncoding = 4; name = ofxRules.h; path = ../../../addons/ofxRules/src/ofxRules.h; sourceTree = SOURCE_ROOT; };
		"F6E9A93F-768F-4283-BAD8-4C50FDB2860D" /* TransformAction.h */ = {isa = PBXFileReference; explicitFileType = sourcecode.c.h; fileEncoding = 4; name = TransformAction.h; path = ../../../addons/ofxRules/src/actions/TransformAction.h; sourceTree = SOURCE_ROOT; };
		"F72EC74A-E818-4085-AE4B-479B8CCB01EB" /* Rules.h */ = {isa = PBXFileReference; explicitFileType = sourcecode.c.h; fileEncoding = 4; name = Rules.h; path = ../../../addons/ofxRules/src/Rules.h; sourceTree = SOURCE_ROOT; };
		"FCE629C7-AE34-4531-B1E5-CAD5F7A9D358" /* TransformAction.cpp */ = {isa = PBXFileReference; explicitFileType = sourcecode.cpp.cpp; fileEncoding = 4; name = TransformAction.cpp; path = ../../../addons/ofxRules/src/actions/TransformAction.cpp; sourceTree = SOURCE_ROOT; };
/* End PBXFileReference section */

/* Begin PBXFrameworksBuildPhase section */
		E4B69B590A3A1756003C02F2 /* Frameworks */ = {
			isa = PBXFrameworksBuildPhase;
			buildActionMask = 2147483647;
			files = (
			);
			runOnlyForDeploymentPostprocessing = 0;
		};
/* End PBXFrameworksBuildPhase section */

/* Begin PBXGroup section */
		"00CAF3AB-2DC2-4FB5-94D9-38AAE8222281" /* ofxRules */ = {
			isa = PBXGroup;
			children = (
				"7DC77458-951B-451E-A14F-B6749AC22536" /* src */,
			);
			name = ofxRules;
			path = ../../../addons/ofxRules;
			sourceTree = SOURCE_ROOT;
		};
		"0E3B5C9E-55EE-4AF0-BF2A-73AD17C47FDE" /* libs */ = {
			isa = PBXGroup;
			children = (
				"4B05D99C-5DB5-4B65-93BE-5C7CFD73D292" /* tinyxml.cpp */,
				"3F462BDC-56D6-4BAC-8A38-F909DF2C6890" /* tinyxml.h */,
				"EDE3AE7E-F0B9-4A1B-B0D1-59B4C7F1CD50" /* tinyxmlerror.cpp */,
				"1AD174FA-B9C7-4FA3-A71B-0ED96D416740" /* tinyxmlparser.cpp */,
			);
			name = libs;
			path = ../../../addons/ofxXmlSettings/libs;
			sourceTree = SOURCE_ROOT;
		};
		"7DC77458-951B-451E-A14F-B6749AC22536" /* src */ = {
			isa = PBXGroup;
			children = (
				"E8B8FAB9-E6B3-42E9-A809-5E75C703615D" /* Branch.cpp */,
				"411D97F4-F2EC-41B0-AE81-9AF31A4DE9F6" /* Branch.h */,
				"DE853EEE-5F29-48DD-97CD-9014B227F0E8" /* Rule.cpp */,
				"062A5628-E305-4BE4-9DA7-5843CFE2A781" /* Rule.h */,
				"C3715A13-768B-47A5-850A-8C57C09158CD" /* RuleSet.cpp */,
				"9B909B96-89DC-49BE-ADCA-CB75680A77CC" /* RuleSet.h */,
				"CD72BBB5-1A3F-4ECD-ACAF-1E8BAD62C6C2" /* Rules.cpp */,
				"F72EC74A-E818-4085-AE4B-479B8CCB01EB" /* Rules.h */,
				"FCB06610-C2C1-4FCB-830A-CB77A6DFB541" /* actions */,
				"F2E0006E-FC39-418E-919A-D699041177E5" /* ofxRules.h */,
			);
			name = src;
			path = ../../../addons/ofxRules/src;
			sourceTree = SOURCE_ROOT;
		};
		"89A533C6-4A9A-4B0B-BCF8-2665900D3BDB" /* ofxXmlSettings */ = {
			isa = PBXGroup;
			children = (
				"0E3B5C9E-55EE-4AF0-BF2A-73AD17C47FDE" /* libs */,
				"9A2BF097-5FA7-47FD-8913-A4EB1481C12F" /* src */,
			);
			name = ofxXmlSettings;
			path = ../../../addons/ofxXmlSettings;
			sourceTree = SOURCE_ROOT;
		};
		"9A2BF097-5FA7-47FD-8913-A4EB1481C12F" /* src */ = {
			isa = PBXGroup;
			children = (
				"00E45D86-A8D8-466E-83F8-9F9C53BE5A51" /* ofxXmlSettings.cpp */,
				"2AF7B20F-61AF-431B-B14D-038D35F54832" /* ofxXmlSettings.h */,
			);
			name = src;
			path = ../../../addons/ofxXmlSettings/src;
			sourceTree = SOURCE_ROOT;
		};
		BB4B014C10F69532006C3DED /* addons */ = {
			isa = PBXGroup;
			children = (
				"00CAF3AB-2DC2-4FB5-94D9-38AAE8222281" /* ofxRules */,
				"89A533C6-4A9A-4B0B-BCF8-2665900D3BDB" /* ofxXmlSettings */,
			);
			name = addons;
			path = ../../../addons;
			sourceTree = "<group>";
		};
		E4B69B4A0A3A1720003C02F2 = {
			isa = PBXGroup;
			children = (
				191CD6FA2847E21E0085CBB6 /* of.entitlements */,
				E4B6FCAD0C3E899E008CF71C /* openFrameworks-Info.plist */,
				E4EB6923138AFD0F00A09F29 /* Project.xcconfig */,
				E4B69E1C0A3A1BDC003C02F2 /* src */,
				191EF70929D778A400F35F26 /* openFrameworks */,
				BB4B014C10F69532006C3DED /* addons */,
				E4B69B5B0A3A1756003C02F2 /* example-file-liveDebug.app */,
			);
			sourceTree = "<group>";
		};
		E4B69E1C0A3A1BDC003C02F2 /* src */ = {
			isa = PBXGroup;
			children = (
				E4B69E1D0A3A1BDC003C02F2 /* main.cpp */,
				"71FB53CE-58B9-4B86-962F-E31819D07EFD" /* testApp.cpp */,
				"E416088A-33DB-46A3-881A-EED5A25395A8" /* testApp.h */,
			);
			path = src;
			sourceTree = SOURCE_ROOT;
		};
		"FCB06610-C2C1-4FCB-830A-CB77A6DFB541" /* actions */ = {
			isa = PBXGroup;
			children = (
				"4D020228-01CD-4108-BB99-1562AE7392EC" /* Action.cpp */,
				"DF4FC6B6-6FD6-4776-923E-187EC2AB4AA0" /* Action.h */,
				"A83D928F-5E55-4866-9B93-97DDD1BB04C8" /* ConeAction.cpp */,
				"7423C4E1-B6AC-4521-906E-5870296B0A76" /* ConeAction.h */,
				"8C851A2F-D1BC-4246-A711-D79A98C1A17F" /* CubeAction.cpp */,
				"221A701E-BB3D-4F24-BC74-3D766066AA05" /* CubeAction.h */,
				"92BC9AF4-5998-4AA9-B549-66B6FF2DF8DC" /* IcosphereAction.cpp */,
				"B7E24232-7E0B-4BB0-A34B-68F867B523F0" /* IcosphereAction.h */,
				"4FDC59E5-941E-46CE-989A-E12701B8D675" /* LineAction.cpp */,
				"6E2FB073-EA09-41B0-AF30-48DF0D4DEA56" /* LineAction.h */,
				"B941ECAB-3B38-4DDD-B0B4-A5FB36CEA2A1" /* PlaneAction.cpp */,
				"4C5B7673-3645-4621-9591-6C2478D89C8B" /* PlaneAction.h */,
				"0E2435F5-F531-4BCE-87ED-7C98C64FDBB3" /* PointAction.cpp */,
				"187D3592-C0EE-47E0-AC89-F0AD578CE86A" /* PointAction.h */,
				"FCE629C7-AE34-4531-B1E5-CAD5F7A9D358" /* TransformAction.cpp */,
				"F6E9A93F-768F-4283-BAD8-4C50FDB2860D" /* TransformAction.h */,
				"1C9B3788-9234-4A6D-8D6E-E62A3EE64451" /* TubeAction.cpp */,
				"85D9F696-B0B7-4800-80BF-4277E4CC77A4" /* TubeAction.h */,
			);
			name = actions;
			path = ../../../addons/ofxRules/src/actions;
			sourceTree = SOURCE_ROOT;
		};
/* End PBXGroup section */

/* Begin PBXNativeTarget section */
		E4B69B5A0A3A1756003C02F2 /* example-file-live */ = {
			isa = PBXNativeTarget;
			buildConfigurationList = E4B69B5F0A3A1757003C02F2 /* Build configuration list for PBXNativeTarget "example-file-live" */;
			buildPhases = (
				E42962A92163ECCD00A6A9E2 /* Run Script — Compile OF */,
				E4B69B580A3A1756003C02F2 /* Sources */,
				E4B69B590A3A1756003C02F2 /* Frameworks */,
				E4C2427710CC5ABF004149E2 /* CopyFiles */,
				E4A5B60F29BAAAE400C2D356 /* CopyFiles */,
				19B789C429E5AB4A0082E9B8 /* ShellScript */,
			);
			buildRules = (
			);
			dependencies = (
			);
			name = "example-file-live";
			productName = myOFApp;
			productReference = E4B69B5B0A3A1756003C02F2 /* example-file-liveDebug.app */;
			productType = "com.apple.product-type.application";
		};
/* End PBXNativeTarget section */

/* Begin PBXProject section */
		E4B69B4C0A3A1720003C02F2 /* Project object */ = {
			isa = PBXProject;
			attributes = {
				LastUpgradeCheck = 0600;
			};
			buildConfigurationList = E4B69B4D0A3A1720003C02F2 /* Build configuration list for PBXProject "example-file-live" */;
			compatibilityVersion = "Xcode 3.2";
			developmentRegion = en;
			hasScannedForEncodings = 0;
			knownRegions = (
				en,
				Base,
			);
			mainGroup = E4B69B4A0A3A1720003C02F2;
			productRefGroup = E4B69B4A0A3A1720003C02F2;
			projectDirPath = "";
			projectRoot = "";
			targets = (
				E4B69B5A0A3A1756003C02F2 /* example-file-live */,
			);
		};
/* End PBXProject section */

/* Begin PBXShellScriptBuildPhase section */
		19B789C429E5AB4A0082E9B8 /* ShellScript */ = {
			isa = PBXShellScriptBuildPhase;
			buildActionMask = 2147483647;
			files = (
			);
			inputFileListPaths = (
			);
			inputPaths = (
			);
			outputFileListPaths = (
			);
			outputPaths = (
			);
			runOnlyForDeploymentPostprocessing = 0;
			shellPath = /bin/sh;
			shellScript = "\"$OF_PATH/scripts/osx/xcode_project.sh\"\n";
			showEnvVarsInLog = 0;
		};
		E42962A92163ECCD00A6A9E2 /* Run Script — Compile OF */ = {
			isa = PBXShellScriptBuildPhase;
			alwaysOutOfDate = 1;
			buildActionMask = 2147483647;
			files = (
			);
			inputPaths = (
			);
			name = "Run Script — Compile OF";
			outputPaths = (
			);
			runOnlyForDeploymentPostprocessing = 0;
			shellPath = /bin/sh;
			shellScript = "echo \"💾 Compiling Openframeworks\"\nxcodebuild -project \"$OF_PATH/libs/openFrameworksCompiled/project/osx/openFrameworksLib.xcodeproj\" -target openFrameworks -configuration \"${CONFIGURATION}\"  CLANG_CXX_LANGUAGE_STANDARD=$CLANG_CXX_LANGUAGE_STANDARD MACOSX_DEPLOYMENT_TARGET=$MACOSX_DEPLOYMENT_TARGET GCC_PREPROCESSOR_DEFINITIONS=$USER_PREPROCESSOR_DEFINITIONS\n";
			showEnvVarsInLog = 0;
		};
/* End PBXShellScriptBuildPhase section */

/* Begin PBXSourcesBuildPhase section */
		E4B69B580A3A1756003C02F2 /* Sources */ = {
			isa = PBXSourcesBuildPhase;
			buildActionMask = 2147483647;
			files = (
				E4B69E200A3A1BDC003C02F2 /* main.cpp in Sources */,
				"418361EF-CFBD-40F5-9A08-98FF864EC9CB" /* testApp.cpp in Sources */,
				"B8545085-170F-4744-BAA9-408713176C9B" /* Branch.cpp in Sources */,
				"C10F4E97-6437-490D-A8D4-FC6D9DD56E83" /* Rule.cpp in Sources */,
				"28EF44D6-7F57-47C1-96CB-48A0261C0924" /* RuleSet.cpp in Sources */,
				"A87C893B-C035-44CC-834B-80A7688B7A98" /* Rules.cpp in Sources */,
				"4347673D-4488-49B2-A7A1-4D24145FE028" /* Action.cpp in Sources */,
				"B18972C9-DF35-46DF-B6CF-98F1BDB692E6" /* ConeAction.cpp in Sources */,
				"AE6C46CF-E10F-4A3A-A392-F12B4128BF31" /* CubeAction.cpp in Sources */,
				"D8F97787-91D5-488F-A3C3-F4A6DA704522" /* IcosphereAction.cpp in Sources */,
				"42BB8D38-FD4A-4627-82E5-376ECC580D68" /* LineAction.cpp in Sources */,
				"59F6563B-8F3D-4A9B-BE2E-AD9E841F65B7" /* PlaneAction.cpp in Sources */,
				"91434D13-F95A-4067-BA79-F9661303DFF2" /* PointAction.cpp in Sources */,
				"41279C90-7FD3-4A9F-9C97-186D0B07C459" /* TransformAction.cpp in Sources */,
				"927DAD19-6613-4BAF-A858-16AE7FB9EAA3" /* TubeAction.cpp in Sources */,
				"1D09A02D-22C0-47C5-975D-379C883D23FE" /* tinyxml.cpp in Sources */,
				"EF88CDC7-806A-4FD5-B763-02F2AE68CCED" /* tinyxmlerror.cpp in Sources */,
				"034D5586-6C74-494D-8C53-16202FA2B2AC" /* tinyxmlparser.cpp in Sources */,
				"B34CE60D-0270-490D-99EA-73D3004FDF6A" /* ofxXmlSettings.cpp in Sources */,
			);
			runOnlyForDeploymentPostprocessing = 0;
		};
/* End PBXSourcesBuildPhase section */

/* Begin XCBuildConfiguration section */
		E4B69B4E0A3A1720003C02F2 /* Debug */ = {
			isa = XCBuildConfiguration;
			baseConfigurationReference = E4EB6923138AFD0F00A09F29 /* Project.xcconfig */;
			buildSettings = {
				CODE_SIGN_ENTITLEMENTS = of.entitlements;
				COPY_PHASE_STRIP = NO;
				ENABLE_TESTABILITY = YES;
				GCC_OPTIMIZATION_LEVEL = 0;
				GCC_WARN_UNUSED_VARIABLE = NO;
				HEADER_SEARCH_PATHS = (
					"$(OF_CORE_HEADERS)",
					src,
				);
				OTHER_CPLUSPLUSFLAGS = "-D__MACOSX_CORE__";
			};
			name = Debug;
		};
		E4B69B4F0A3A1720003C02F2 /* Release */ = {
			isa = XCBuildConfiguration;
			baseConfigurationReference = E4EB6923138AFD0F00A09F29 /* Project.xcconfig */;
			buildSettings = {
				CODE_SIGN_ENTITLEMENTS = of.entitlements;
				COPY_PHASE_STRIP = YES;
				GCC_OPTIMIZATION_LEVEL = 3;
				GCC_UNROLL_LOOPS = YES;
				HEADER_SEARCH_PATHS = (
					"$(OF_CORE_HEADERS)",
					src,
				);
				OTHER_CPLUSPLUSFLAGS = "-D__MACOSX_CORE__";
			};
			name = Release;
		};
		E4B69B600A3A1757003C02F2 /* Debug */ = {
			isa = XCBuildConfiguration;
			baseConfigurationReference = E4EB6923138AFD0F00A09F29 /* Project.xcconfig */;
			buildSettings = {
				ARCHS = "$(ARCHS_STANDARD)";
				COPY_PHASE_STRIP = NO;
				FRAMEWORK_SEARCH_PATHS = "$(inherited)";
				GCC_DYNAMIC_NO_PIC = NO;
				HEADER_SEARCH_PATHS = (
					"$(OF_CORE_HEADERS)",
					src,
					src,
					../../../addons/ofxRules/src,
					../../../addons/ofxRules/src/actions,
					../../../addons/ofxXmlSettings/libs,
					../../../addons/ofxXmlSettings/src,
				);
				LIBRARY_SEARCH_PATHS = "$(inherited)";
				OTHER_LDFLAGS = (
					"$(OF_CORE_LIBS)",
					"$(OF_CORE_FRAMEWORKS)",
					"$(LIB_OF_DEBUG)",
				);
			};
			name = Debug;
		};
		E4B69B610A3A1757003C02F2 /* Release */ = {
			isa = XCBuildConfiguration;
			baseConfigurationReference = E4EB6923138AFD0F00A09F29 /* Project.xcconfig */;
			buildSettings = {
				ARCHS = "$(ARCHS_STANDARD)";
				COPY_PHASE_STRIP = YES;
				FRAMEWORK_SEARCH_PATHS = "$(inherited)";
				HEADER_SEARCH_PATHS = (
					"$(OF_CORE_HEADERS)",
					src,
					src,
					../../../addons/ofxRules/src,
					../../../addons/ofxRules/src/actions,
					../../../addons/ofxXmlSettings/libs,
					../../../addons/ofxXmlSettings/src,
				);
				LIBRARY_SEARCH_PATHS = "$(inherited)";
				OTHER_LDFLAGS = (
					"$(OF_CORE_LIBS)",
					"$(OF_CORE_FRAMEWORKS)",
					"$(LIB_OF)",
				);
				baseConfigurationReference = E4EB6923138AFD0F00A09F29;
			};
			name = Release;
		};
/* End XCBuildConfiguration section */

/* Begin XCConfigurationList section */
		E4B69B4D0A3A1720003C02F2 /* Build configuration list for PBXProject "example-file-live" */ = {
			isa = XCConfigurationList;
			buildConfigurations = (
				E4B69B4E0A3A1720003C02F2 /* Debug */,
				E4B69B4F0A3A1720003C02F2 /* Release */,
			);
			defaultConfigurationIsVisible = 0;
			defaultConfigurationName = Release;
		};
		E4B69B5F0A3A1757003C02F2 /* Build configuration list for PBXNativeTarget "example-file-live" */ = {
			isa = XCConfigurationList;
			buildConfigurations = (
				E4B69B600A3A1757003C02F2 /* Debug */,
				E4B69B610A3A1757003C02F2 /* Release */,
			);
			defaultConfigurationIsVisible = 0;
			defaultConfigurationName = Release;
		};
/* End XCConfigurationList section */
	};
	rootObject = E4B69B4C0A3A1720003C02F2 /* Project object */;
}
