// !$*UTF8*$!
{
	archiveVersion = 1;
	classes = {
	};
	objectVersion = 54;
	objects = {

/* Begin PBXBuildFile section */
		"053BA792-1BF7-4C3F-A6C4-F41678F7035C" /* LineAction.cpp in Sources */ = {isa = PBXBuildFile; fileRef = "5F9B4F03-2B04-42D5-8775-B2C1B60FD027" /* LineAction.cpp */; };
		"10E2BCAC-9E7E-4A6A-9117-3AAA5A97E448" /* Rule.cpp in Sources */ = {isa = PBXBuildFile; fileRef = "BD6D6E70-9C87-43F8-95D5-F97FEF6E18EE" /* Rule.cpp */; };
		"157626C4-5AD7-4BF9-8B33-213320164152" /* ConeAction.cpp in Sources */ = {isa = PBXBuildFile; fileRef = "6B6C9DF3-99B0-4502-8FAF-0502589AB1E7" /* ConeAction.cpp */; };
		"1767FD41-C60D-4C87-B2D2-0C0D9241BCE1" /* RuleSet.cpp in Sources */ = {isa = PBXBuildFile; fileRef = "3DAE9D51-6FF9-4624-B12D-1FAA10AEAFD6" /* RuleSet.cpp */; };
		"1E2BDA01-2FE6-4B48-926A-6BA4DC6FBE85" /* testApp.cpp in Sources */ = {isa = PBXBuildFile; fileRef = "CEA58F6A-0891-4E2C-8DA6-EA2DE059FDA8" /* testApp.cpp */; };
		"2406320A-DE9A-4EA4-9058-5373139BB13E" /* TransformAction.cpp in Sources */ = {isa = PBXBuildFile; fileRef = "A7279F91-D12D-4132-AA86-D27BEC0BEE0A" /* TransformAction.cpp */; };
		"29ADEF62-9536-4D7C-8106-DB4DC3057953" /* tinyxmlerror.cpp in Sources */ = {isa = PBXBuildFile; fileRef = "0ACBE1DB-C4E4-4748-940F-B3DEF1A66184" /* tinyxmlerror.cpp */; };
		"4ECF5033-B895-4792-A8B2-B013E4B72B49" /* IcosphereAction.cpp in Sources */ = {isa = PBXBuildFile; fileRef = "6C48360D-D782-43E3-ABF3-E0BC0673DE7B" /* IcosphereAction.cpp */; };
		"54E4D6B9-08B0-46AE-9757-DEA33DC6E173" /* tinyxml.cpp in Sources */ = {isa = PBXBuildFile; fileRef = "8530AD83-F891-4F12-98D0-BB73CBC5C700" /* tinyxml.cpp */; };
		"62C8D1F8-FDE3-4F49-B50F-D75C3CCD72C0" /* PlaneAction.cpp in Sources */ = {isa = PBXBuildFile; fileRef = "3E738111-40A9-46D2-87B6-AAF1C160F8D4" /* PlaneAction.cpp */; };
		"8BDF6E1B-5B41-44D2-BE9A-FF34F043D4B2" /* TubeAction.cpp in Sources */ = {isa = PBXBuildFile; fileRef = "395B4710-D7EE-460C-89CB-79B1D656BAB3" /* TubeAction.cpp */; };
		"8E2FFD80-3A9F-41CC-85BF-7B798D1F29CD" /* Action.cpp in Sources */ = {isa = PBXBuildFile; fileRef = "939A02D6-DC1B-44C2-9BA7-320B369A30EB" /* Action.cpp */; };
		"91E43052-15AA-495B-8999-79C4C2FD0C81" /* ofxXmlSettings.cpp in Sources */ = {isa = PBXBuildFile; fileRef = "10C33490-8A26-4164-92E1-83B3C4D52220" /* ofxXmlSettings.cpp */; };
		"A3C6A208-2529-4307-8AD5-4BF695EFC36C" /* Rules.cpp in Sources */ = {isa = PBXBuildFile; fileRef = "A814A2C6-04EE-4F5C-8DE1-B6B2430B5A77" /* Rules.cpp */; };
		"C3325EAB-4814-4CE7-9FC0-341251DEEF26" /* Branch.cpp in Sources */ = {isa = PBXBuildFile; fileRef = "29658AD0-8EB5-482F-A90A-D75A4641D73A" /* Branch.cpp */; };
		"C74293DA-F1A0-418F-B0B0-D22D65FFE499" /* CubeAction.cpp in Sources */ = {isa = PBXBuildFile; fileRef = "B58E38DE-B763-47C2-A431-6589EBD6EF61" /* CubeAction.cpp */; };
		"D9EE4C05-29D4-4C79-8D76-591CFC8EFD4F" /* PointAction.cpp in Sources */ = {isa = PBXBuildFile; fileRef = "A087FDB6-29B0-4F40-8660-E668F0EEA195" /* PointAction.cpp */; };
		E4B69E200A3A1BDC003C02F2 /* main.cpp in Sources */ = {isa = PBXBuildFile; fileRef = E4B69E1D0A3A1BDC003C02F2 /* main.cpp */; };
		"F4A8F642-CB5F-4D27-8C0E-E3C9C75F89D1" /* tinyxmlparser.cpp in Sources */ = {isa = PBXBuildFile; fileRef = "8F0DA1E8-9D0C-4D7C-B8E1-5BD67D403C2F" /* tinyxmlparser.cpp */; };
/* End PBXBuildFile section */

/* Begin PBXCopyFilesBuildPhase section */
		E4A5B60F29BAAAE400C2D356 /* CopyFiles */ = {
			isa = PBXCopyFilesBuildPhase;
			buildActionMask = 2147483647;
			dstPath = "";
			dstSubfolderSpec = 6;
			files = (
			);
			runOnlyForDeploymentPostprocessing = 0;
		};
		E4C2427710CC5ABF004149E2 /* CopyFiles */ = {
			isa = PBXCopyFilesBuildPhase;
			buildActionMask = 2147483647;
			dstPath = "";
			dstSubfolderSpec = 10;
			files = (
			);
			runOnlyForDeploymentPostprocessing = 0;
		};
/* End PBXCopyFilesBuildPhase section */

/* Begin PBXFileReference section */
		"0015AD33-A65C-42CF-B4A9-E857BA216503" /* PlaneAction.h */ = {isa = PBXFileReference; explicitFileType = sourcecode.c.h; fileEncoding = 4; name = PlaneAction.h; path = ../../../addons/ofxRules/src/actions/PlaneAction.h; sourceTree = SOURCE_ROOT; };
		"0ACBE1DB-C4E4-4748-940F-B3DEF1A66184" /* tinyxmlerror.cpp */ = {isa = PBXFileReference; explicitFileType = sourcecode.cpp.cpp; fileEncoding = 4; name = tinyxmlerror.cpp; path = ../../../addons/ofxXmlSettings/libs/tinyxmlerror.cpp; sourceTree = SOURCE_ROOT; };
		"0E587F40-028D-4010-AD0E-1DEBA5F7AC3C" /* IcosphereAction.h */ = {isa = PBXFileReference; explicitFileType = sourcecode.c.h; fileEncoding = 4; name = IcosphereAction.h; path = ../../../addons/ofxRules/src/actions/IcosphereAction.h; sourceTree = SOURCE_ROOT; };
		"10C33490-8A26-4164-92E1-83B3C4D52220" /* ofxXmlSettings.cpp */ = {isa = PBXFileReference; explicitFileType = sourcecode.cpp.cpp; fileEncoding = 4; name = ofxXmlSettings.cpp; path = ../../../addons/ofxXmlSettings/src/ofxXmlSettings.cpp; sourceTree = SOURCE_ROOT; };
		"11B0631C-4460-4DF9-9554-E4EB4923393F" /* testApp.h */ = {isa = PBXFileReference; explicitFileType = sourcecode.c.h; fileEncoding = 4; name = testApp.h; path = src/testApp.h; sourceTree = SOURCE_ROOT; };
		"1784EB56-26FF-4F4B-B747-65414DB2266A" /* Rules.h */ = {isa = PBXFileReference; explicitFileType = sourcecode.c.h; fileEncoding = 4; name = Rules.h; path = ../../../addons/ofxRules/src/Rules.h; sourceTree = SOURCE_ROOT; };
		191CD6FA2847E21E0085CBB6 /* of.entitlements */ = {isa = PBXFileReference; fileEncoding = 4; lastKnownFileType = text.plist.entitlements; path = of.entitlements; sourceTree = "<group>"; };
		191EF70929D778A400F35F26 /* openFrameworks */ = {isa = PBXFileReference; lastKnownFileType = folder; name = openFrameworks; path = ../../../libs/openFrameworks; sourceTree = SOURCE_ROOT; };
		"29658AD0-8EB5-482F-A90A-D75A4641D73A" /* Branch.cpp */ = {isa = PBXFileReference; explicitFileType = sourcecode.cpp.cpp; fileEncoding = 4; name = Branch.cpp; path = ../../../addons/ofxRules/src/Branch.cpp; sourceTree = SOURCE_ROOT; };
		"29F3D0CB-73B5-4D05-8DBB-7E051C354DED" /* PointAction.h */ = {isa = PBXFileReference; explicitFileType = sourcecode.c.h; fileEncoding = 4; name = PointAction.h; path = ../../../addons/ofxRules/src/actions/PointAction.h; sourceTree = SOURCE_ROOT; };
		"2EDF1C98-E02D-426F-8388-05856941729C" /* TransformAction.h */ = {isa = PBXFileReference; explicitFileType = sourcecode.c.h; fileEncoding = 4; name = TransformAction.h; path = ../../../addons/ofxRules/src/actions/TransformAction.h; sourceTree = SOURCE_ROOT; };
		"395B4710-D7EE-460C-89CB-79B1D656BAB3" /* TubeAction.cpp */ = {isa = PBXFileReference; explicitFileType = sourcecode.cpp.cpp; fileEncoding = 4; name = TubeAction.cpp; path = ../../../addons/ofxRules/src/actions/TubeAction.cpp; sourceTree = SOURCE_ROOT; };
		"3DAE9D51-6FF9-4624-B12D-1FAA10AEAFD6" /* RuleSet.cpp */ = {isa = PBXFileReference; explicitFileType = sourcecode.cpp.cpp; fileEncoding = 4; name = RuleSet.cpp; path = ../../../addons/ofxRules/src/RuleSet.cpp; sourceTree = SOURCE_ROOT; };
		"3E738111-40A9-46D2-87B6-AAF1C160F8D4" /* PlaneAction.cpp */ = {isa = PBXFileReference; explicitFileType = sourcecode.cpp.cpp; fileEncoding = 4; name = PlaneAction.cpp; path = ../../../addons/ofxRules/src/actions/PlaneAction.cpp; sourceTree = SOURCE_ROOT; };
		"4BFF582B-ECAC-4B83-864B-2917BAF68B18" /* tinyxml.h */ = {isa = PBXFileReference; explicitFileType = sourcecode.c.h; fileEncoding = 4; name = tinyxml.h; path = ../../../addons/ofxXmlSettings/libs/tinyxml.h; sourceTree = SOURCE_ROOT; };
		"5F9B4F03-2B04-42D5-8775-B2C1B60FD027" /* LineAction.cpp */ = {isa = PBXFileReference; explicitFileType = sourcecode.cpp.cpp; fileEncoding = 4; name = LineAction.cpp; path = ../../../addons/ofxRules/src/actions/LineAction.cpp; sourceTree = SOURCE_ROOT; };
		"6B6C9DF3-99B0-4502-8FAF-0502589AB1E7" /* ConeAction.cpp */ = {isa = PBXFileReference; explicitFileType = sourcecode.cpp.cpp; fileEncoding = 4; name = ConeAction.cpp; path = ../../../addons/ofxRules/src/actions/ConeAction.cpp; sourceTree = SOURCE_ROOT; };
		"6C48360D-D782-43E3-ABF3-E0BC0673DE7B" /* IcosphereAction.cpp */ = {isa = PBXFileReference; explicitFileType = sourcecode.cpp.cpp; fileEncoding = 4; name = IcosphereAction.cpp; path = ../../../addons/ofxRules/src/actions/IcosphereAction.cpp; sourceTree = SOURCE_ROOT; };
		"8530AD83-F891-4F12-98D0-BB73CBC5C700" /* tinyxml.cpp */ = {isa = PBXFileReference; explicitFileType = sourcecode.cpp.cpp; fileEncoding = 4; name = tinyxml.cpp; path = ../../../addons/ofxXmlSettings/libs/tinyxml.cpp; sourceTree = SOURCE_ROOT; };
		"8F0DA1E8-9D0C-4D7C-B8E1-5BD67D403C2F" /* tinyxmlparser.cpp */ = {isa = PBXFileReference; explicitFileType = sourcecode.cpp.cpp; fileEncoding = 4; name = tinyxmlparser.cpp; path = ../../../addons/ofxXmlSettings/libs/tinyxmlparser.cpp; sourceTree = SOURCE_ROOT; };
		"939A02D6-DC1B-44C2-9BA7-320B369A30EB" /* Action.cpp */ = {isa = PBXFileReference; explicitFileType = sourcecode.cpp.cpp; fileEncoding = 4; name = Action.cpp; path = ../../../addons/ofxRules/src/actions/Action.cpp; sourceTree = SOURCE_ROOT; };
		"9E797D91-0A8C-42C1-A875-59BA65319BB6" /* Rule.h */ = {isa = PBXFileReference; explicitFileType = sourcecode.c.h; fileEncoding = 4; name = Rule.h; path = ../../../addons/ofxRules/src/Rule.h; sourceTree = SOURCE_ROOT; };
		"A087FDB6-29B0-4F40-8660-E668F0EEA195" /* PointAction.cpp */ = {isa = PBXFileReference; explicitFileType = sourcecode.cpp.cpp; fileEncoding = 4; name = PointAction.cpp; path = ../../../addons/ofxRules/src/actions/PointAction.cpp; sourceTree = SOURCE_ROOT; };
		"A7279F91-D12D-4132-AA86-D27BEC0BEE0A" /* TransformAction.cpp */ = {isa = PBXFileReference; explicitFileType = sourcecode.cpp.cpp; fileEncoding = 4; name = TransformAction.cpp; path = ../../../addons/ofxRules/src/actions/TransformAction.cpp; sourceTree = SOURCE_ROOT; };
		"A814A2C6-04EE-4F5C-8DE1-B6B2430B5A77" /* Rules.cpp */ = {isa = PBXFileReference; explicitFileType = sourcecode.cpp.cpp; fileEncoding = 4; name = Rules.cpp; path = ../../../addons/ofxRules/src/Rules.cpp; sourceTree = SOURCE_ROOT; };
		"AC781C51-4A6B-486A-B93E-D3C58CF97B1A" /* RuleSet.h */ = {isa = PBXFileReference; explicitFileType = sourcecode.c.h; fileEncoding = 4; name = RuleSet.h; path = ../../../addons/ofxRules/src/RuleSet.h; sourceTree = SOURCE_ROOT; };
		"B58E38DE-B763-47C2-A431-6589EBD6EF61" /* CubeAction.cpp */ = {isa = PBXFileReference; explicitFileType = sourcecode.cpp.cpp; fileEncoding = 4; name = CubeAction.cpp; path = ../../../addons/ofxRules/src/actions/CubeAction.cpp; sourceTree = SOURCE_ROOT; };
		"BD6D6E70-9C87-43F8-95D5-F97FEF6E18EE" /* Rule.cpp */ = {isa = PBXFileReference; explicitFileType = sourcecode.cpp.cpp; fileEncoding = 4; name = Rule.cpp; path = ../../../addons/ofxRules/src/Rule.cpp; sourceTree = SOURCE_ROOT; };
		"C4E30937-F4D0-443A-99FD-D42F2751A0B8" /* CubeAction.h */ = {isa = PBXFileReference; explicitFileType = sourcecode.c.h; fileEncoding = 4; name = CubeAction.h; path = ../../../addons/ofxRules/src/actions/CubeAction.h; sourceTree = SOURCE_ROOT; };
		"C839D70D-888B-4C4F-AFB6-9C026387F775" /* ofxXmlSettings.h */ = {isa = PBXFileReference; explicitFileType = sourcecode.c.h; fileEncoding = 4; name = ofxXmlSettings.h; path = ../../../addons/ofxXmlSettings/src/ofxXmlSettings.h; sourceTree = SOURCE_ROOT; };
		"CEA58F6A-0891-4E2C-8DA6-EA2DE059FDA8" /* testApp.cpp */ = {isa = PBXFileReference; explicitFileType = sourcecode.cpp.cpp; fileEncoding = 4; name = testApp.cpp; path = src/testApp.cpp; sourceTree = SOURCE_ROOT; };
		"DEBE780A-3F36-44C5-991D-9395A334EBF0" /* Branch.h */ = {isa = PBXFileReference; explicitFileType = sourcecode.c.h; fileEncoding = 4; name = Branch.h; path = ../../../addons/ofxRules/src/Branch.h; sourceTree = SOURCE_ROOT; };
		"DF9B7797-06EB-4347-A025-219B97076FA8" /* ConeAction.h */ = {isa = PBXFileReference; explicitFileType = sourcecode.c.h; fileEncoding = 4; name = ConeAction.h; path = ../../../addons/ofxRules/src/actions/ConeAction.h; sourceTree = SOURCE_ROOT; };
		E4B69B5B0A3A1756003C02F2 /* example-programmaticDebug.app */ = {isa = PBXFileReference; explicitFileType = wrapper.application; includeInIndex = 0; path = "example-programmaticDebug.app"; sourceTree = BUILT_PRODUCTS_DIR; };
		E4B69E1D0A3A1BDC003C02F2 /* main.cpp */ = {isa = PBXFileReference; fileEncoding = 4; lastKnownFileType = sourcecode.cpp.cpp; name = main.cpp; path = src/main.cpp; sourceTree = SOURCE_ROOT; };
		E4B6FCAD0C3E899E008CF71C /* openFrameworks-Info.plist */ = {isa = PBXFileReference; fileEncoding = 4; lastKnownFileType = text.plist.xml; path = "openFrameworks-Info.plist"; sourceTree = "<group>"; };
		E4EB6923138AFD0F00A09F29 /* Project.xcconfig */ = {isa = PBXFileReference; fileEncoding = 4; lastKnownFileType = text.xcconfig; path = Project.xcconfig; sourceTree = "<group>"; };
		"E4F99021-9663-43DA-8277-3EC5D71111BE" /* ofxRules.h */ = {isa = PBXFileReference; explicitFileType = sourcecode.c.h; fileEncoding = 4; name = ofxRules.h; path = ../../../addons/ofxRules/src/ofxRules.h; sourceTree = SOURCE_ROOT; };
		"E6C29462-3D43-4067-BD1F-F21575720D10" /* TubeAction.h */ = {isa = PBXFileReference; explicitFileType = sourcecode.c.h; fileEncoding = 4; name = TubeAction.h; path = ../../../addons/ofxRules/src/actions/TubeAction.h; sourceTree = SOURCE_ROOT; };
		"EA7FCFAA-56A5-439D-99EB-79F9B4B3F728" /* LineAction.h */ = {isa = PBXFileReference; explicitFileType = sourcecode.c.h; fileEncoding = 4; name = LineAction.h; path = ../../../addons/ofxRules/src/actions/LineAction.h; sourceTree = SOURCE_ROOT; };
		"F9BF96C6-4CF3-43B7-8E99-F82DCD0344A7" /* Action.h */ = {isa = PBXFileReference; explicitFileType = sourcecode.c.h; fileEncoding = 4; name = Action.h; path = ../../../addons/ofxRules/src/actions/Action.h; sourceTree = SOURCE_ROOT; };
/* End PBXFileReference section */

/* Begin PBXFrameworksBuildPhase section */
		E4B69B590A3A1756003C02F2 /* Frameworks */ = {
			isa = PBXFrameworksBuildPhase;
			buildActionMask = 2147483647;
			files = (
			);
			runOnlyForDeploymentPostprocessing = 0;
		};
/* End PBXFrameworksBuildPhase section */

/* Begin PBXGroup section */
		"2CDACCB6-6DE7-4A98-AD6A-A378D0B3BC96" /* ofxXmlSettings */ = {
			isa = PBXGroup;
			children = (
				"BBB4004C-E1D6-4BF4-B89F-3970BBE88EE8" /* libs */,
				"3B81B9FF-BD20-4B8A-B0C7-D45C99C671B6" /* src */,
			);
			name = ofxXmlSettings;
			path = ../../../addons/ofxXmlSettings;
			sourceTree = SOURCE_ROOT;
		};
		"3B81B9FF-BD20-4B8A-B0C7-D45C99C671B6" /* src */ = {
			isa = PBXGroup;
			children = (
				"10C33490-8A26-4164-92E1-83B3C4D52220" /* ofxXmlSettings.cpp */,
				"C839D70D-888B-4C4F-AFB6-9C026387F775" /* ofxXmlSettings.h */,
			);
			name = src;
			path = ../../../addons/ofxXmlSettings/src;
			sourceTree = SOURCE_ROOT;
		};
		"40A37DF8-A877-4690-BE59-70B38B183D4E" /* actions */ = {
			isa = PBXGroup;
			children = (
				"939A02D6-DC1B-44C2-9BA7-320B369A30EB" /* Action.cpp */,
				"F9BF96C6-4CF3-43B7-8E99-F82DCD0344A7" /* Action.h */,
				"6B6C9DF3-99B0-4502-8FAF-0502589AB1E7" /* ConeAction.cpp */,
				"DF9B7797-06EB-4347-A025-219B97076FA8" /* ConeAction.h */,
				"B58E38DE-B763-47C2-A431-6589EBD6EF61" /* CubeAction.cpp */,
				"C4E30937-F4D0-443A-99FD-D42F2751A0B8" /* CubeAction.h */,
				"6C48360D-D782-43E3-ABF3-E0BC0673DE7B" /* IcosphereAction.cpp */,
				"0E587F40-028D-4010-AD0E-1DEBA5F7AC3C" /* IcosphereAction.h */,
				"5F9B4F03-2B04-42D5-8775-B2C1B60FD027" /* LineAction.cpp */,
				"EA7FCFAA-56A5-439D-99EB-79F9B4B3F728" /* LineAction.h */,
				"3E738111-40A9-46D2-87B6-AAF1C160F8D4" /* PlaneAction.cpp */,
				"0015AD33-A65C-42CF-B4A9-E857BA216503" /* PlaneAction.h */,
				"A087FDB6-29B0-4F40-8660-E668F0EEA195" /* PointAction.cpp */,
				"29F3D0CB-73B5-4D05-8DBB-7E051C354DED" /* PointAction.h */,
				"A7279F91-D12D-4132-AA86-D27BEC0BEE0A" /* TransformAction.cpp */,
				"2EDF1C98-E02D-426F-8388-05856941729C" /* TransformAction.h */,
				"395B4710-D7EE-460C-89CB-79B1D656BAB3" /* TubeAction.cpp */,
				"E6C29462-3D43-4067-BD1F-F21575720D10" /* TubeAction.h */,
			);
			name = actions;
			path = ../../../addons/ofxRules/src/actions;
			sourceTree = SOURCE_ROOT;
		};
		"BAEC356F-FF35-4BC8-86C6-B366E366B766" /* ofxRules */ = {
			isa = PBXGroup;
			children = (
				"D30F9A71-07DB-4C2C-AEA1-AD88095835F8" /* src */,
			);
			name = ofxRules;
			path = ../../../addons/ofxRules;
			sourceTree = SOURCE_ROOT;
		};
		BB4B014C10F69532006C3DED /* addons */ = {
			isa = PBXGroup;
			children = (
				"BAEC356F-FF35-4BC8-86C6-B366E366B766" /* ofxRules */,
				"2CDACCB6-6DE7-4A98-AD6A-A378D0B3BC96" /* ofxXmlSettings */,
			);
			name = addons;
			path = ../../../addons;
			sourceTree = "<group>";
		};
		"BBB4004C-E1D6-4BF4-B89F-3970BBE88EE8" /* libs */ = {
			isa = PBXGroup;
			children = (
				"8530AD83-F891-4F12-98D0-BB73CBC5C700" /* tinyxml.cpp */,
				"4BFF582B-ECAC-4B83-864B-2917BAF68B18" /* tinyxml.h */,
				"0ACBE1DB-C4E4-4748-940F-B3DEF1A66184" /* tinyxmlerror.cpp */,
				"8F0DA1E8-9D0C-4D7C-B8E1-5BD67D403C2F" /* tinyxmlparser.cpp */,
			);
			name = libs;
			path = ../../../addons/ofxXmlSettings/libs;
			sourceTree = SOURCE_ROOT;
		};
		"D30F9A71-07DB-4C2C-AEA1-AD88095835F8" /* src */ = {
			isa = PBXGroup;
			children = (
				"29658AD0-8EB5-482F-A90A-D75A4641D73A" /* Branch.cpp */,
				"DEBE780A-3F36-44C5-991D-9395A334EBF0" /* Branch.h */,
				"BD6D6E70-9C87-43F8-95D5-F97FEF6E18EE" /* Rule.cpp */,
				"9E797D91-0A8C-42C1-A875-59BA65319BB6" /* Rule.h */,
				"3DAE9D51-6FF9-4624-B12D-1FAA10AEAFD6" /* RuleSet.cpp */,
				"AC781C51-4A6B-486A-B93E-D3C58CF97B1A" /* RuleSet.h */,
				"A814A2C6-04EE-4F5C-8DE1-B6B2430B5A77" /* Rules.cpp */,
				"1784EB56-26FF-4F4B-B747-65414DB2266A" /* Rules.h */,
				"40A37DF8-A877-4690-BE59-70B38B183D4E" /* actions */,
				"E4F99021-9663-43DA-8277-3EC5D71111BE" /* ofxRules.h */,
			);
			name = src;
			path = ../../../addons/ofxRules/src;
			sourceTree = SOURCE_ROOT;
		};
		E4B69B4A0A3A1720003C02F2 = {
			isa = PBXGroup;
			children = (
				191CD6FA2847E21E0085CBB6 /* of.entitlements */,
				E4B6FCAD0C3E899E008CF71C /* openFrameworks-Info.plist */,
				E4EB6923138AFD0F00A09F29 /* Project.xcconfig */,
				E4B69E1C0A3A1BDC003C02F2 /* src */,
				191EF70929D778A400F35F26 /* openFrameworks */,
				BB4B014C10F69532006C3DED /* addons */,
				E4B69B5B0A3A1756003C02F2 /* example-programmaticDebug.app */,
			);
			sourceTree = "<group>";
		};
		E4B69E1C0A3A1BDC003C02F2 /* src */ = {
			isa = PBXGroup;
			children = (
				E4B69E1D0A3A1BDC003C02F2 /* main.cpp */,
				"CEA58F6A-0891-4E2C-8DA6-EA2DE059FDA8" /* testApp.cpp */,
				"11B0631C-4460-4DF9-9554-E4EB4923393F" /* testApp.h */,
			);
			path = src;
			sourceTree = SOURCE_ROOT;
		};
/* End PBXGroup section */

/* Begin PBXNativeTarget section */
		E4B69B5A0A3A1756003C02F2 /* example-programmatic */ = {
			isa = PBXNativeTarget;
			buildConfigurationList = E4B69B5F0A3A1757003C02F2 /* Build configuration list for PBXNativeTarget "example-programmatic" */;
			buildPhases = (
				E42962A92163ECCD00A6A9E2 /* Run Script — Compile OF */,
				E4B69B580A3A1756003C02F2 /* Sources */,
				E4B69B590A3A1756003C02F2 /* Frameworks */,
				E4C2427710CC5ABF004149E2 /* CopyFiles */,
				E4A5B60F29BAAAE400C2D356 /* CopyFiles */,
				19B789C429E5AB4A0082E9B8 /* ShellScript */,
			);
			buildRules = (
			);
			dependencies = (
			);
			name = "example-programmatic";
			productName = myOFApp;
			productReference = E4B69B5B0A3A1756003C02F2 /* example-programmaticDebug.app */;
			productType = "com.apple.product-type.application";
		};
/* End PBXNativeTarget section */

/* Begin PBXProject section */
		E4B69B4C0A3A1720003C02F2 /* Project object */ = {
			isa = PBXProject;
			attributes = {
				LastUpgradeCheck = 0600;
			};
			buildConfigurationList = E4B69B4D0A3A1720003C02F2 /* Build configuration list for PBXProject "example-programmatic" */;
			compatibilityVersion = "Xcode 3.2";
			developmentRegion = en;
			hasScannedForEncodings = 0;
			knownRegions = (
				en,
				Base,
			);
			mainGroup = E4B69B4A0A3A1720003C02F2;
			productRefGroup = E4B69B4A0A3A1720003C02F2;
			projectDirPath = "";
			projectRoot = "";
			targets = (
				E4B69B5A0A3A1756003C02F2 /* example-programmatic */,
			);
		};
/* End PBXProject section */

/* Begin PBXShellScriptBuildPhase section */
		19B789C429E5AB4A0082E9B8 /* ShellScript */ = {
			isa = PBXShellScriptBuildPhase;
			buildActionMask = 2147483647;
			files = (
			);
			inputFileListPaths = (
			);
			inputPaths = (
			);
			outputFileListPaths = (
			);
			outputPaths = (
			);
			runOnlyForDeploymentPostprocessing = 0;
			shellPath = /bin/sh;
			shellScript = "\"$OF_PATH/scripts/osx/xcode_project.sh\"\n";
			showEnvVarsInLog = 0;
		};
		E42962A92163ECCD00A6A9E2 /* Run Script — Compile OF */ = {
			isa = PBXShellScriptBuildPhase;
			alwaysOutOfDate = 1;
			buildActionMask = 2147483647;
			files = (
			);
			inputPaths = (
			);
			name = "Run Script — Compile OF";
			outputPaths = (
			);
			runOnlyForDeploymentPostprocessing = 0;
			shellPath = /bin/sh;
			shellScript = "echo \"💾 Compiling Openframeworks\"\nxcodebuild -project \"$OF_PATH/libs/openFrameworksCompiled/project/osx/openFrameworksLib.xcodeproj\" -target openFrameworks -configuration \"${CONFIGURATION}\"  CLANG_CXX_LANGUAGE_STANDARD=$CLANG_CXX_LANGUAGE_STANDARD MACOSX_DEPLOYMENT_TARGET=$MACOSX_DEPLOYMENT_TARGET GCC_PREPROCESSOR_DEFINITIONS=$USER_PREPROCESSOR_DEFINITIONS\n";
			showEnvVarsInLog = 0;
		};
/* End PBXShellScriptBuildPhase section */

/* Begin PBXSourcesBuildPhase section */
		E4B69B580A3A1756003C02F2 /* Sources */ = {
			isa = PBXSourcesBuildPhase;
			buildActionMask = 2147483647;
			files = (
				E4B69E200A3A1BDC003C02F2 /* main.cpp in Sources */,
				"1E2BDA01-2FE6-4B48-926A-6BA4DC6FBE85" /* testApp.cpp in Sources */,
				"C3325EAB-4814-4CE7-9FC0-341251DEEF26" /* Branch.cpp in Sources */,
				"10E2BCAC-9E7E-4A6A-9117-3AAA5A97E448" /* Rule.cpp in Sources */,
				"1767FD41-C60D-4C87-B2D2-0C0D9241BCE1" /* RuleSet.cpp in Sources */,
				"A3C6A208-2529-4307-8AD5-4BF695EFC36C" /* Rules.cpp in Sources */,
				"8E2FFD80-3A9F-41CC-85BF-7B798D1F29CD" /* Action.cpp in Sources */,
				"157626C4-5AD7-4BF9-8B33-213320164152" /* ConeAction.cpp in Sources */,
				"C74293DA-F1A0-418F-B0B0-D22D65FFE499" /* CubeAction.cpp in Sources */,
				"4ECF5033-B895-4792-A8B2-B013E4B72B49" /* IcosphereAction.cpp in Sources */,
				"053BA792-1BF7-4C3F-A6C4-F41678F7035C" /* LineAction.cpp in Sources */,
				"62C8D1F8-FDE3-4F49-B50F-D75C3CCD72C0" /* PlaneAction.cpp in Sources */,
				"D9EE4C05-29D4-4C79-8D76-591CFC8EFD4F" /* PointAction.cpp in Sources */,
				"2406320A-DE9A-4EA4-9058-5373139BB13E" /* TransformAction.cpp in Sources */,
				"8BDF6E1B-5B41-44D2-BE9A-FF34F043D4B2" /* TubeAction.cpp in Sources */,
				"54E4D6B9-08B0-46AE-9757-DEA33DC6E173" /* tinyxml.cpp in Sources */,
				"29ADEF62-9536-4D7C-8106-DB4DC3057953" /* tinyxmlerror.cpp in Sources */,
				"F4A8F642-CB5F-4D27-8C0E-E3C9C75F89D1" /* tinyxmlparser.cpp in Sources */,
				"91E43052-15AA-495B-8999-79C4C2FD0C81" /* ofxXmlSettings.cpp in Sources */,
			);
			runOnlyForDeploymentPostprocessing = 0;
		};
/* End PBXSourcesBuildPhase section */

/* Begin XCBuildConfiguration section */
		E4B69B4E0A3A1720003C02F2 /* Debug */ = {
			isa = XCBuildConfiguration;
			baseConfigurationReference = E4EB6923138AFD0F00A09F29 /* Project.xcconfig */;
			buildSettings = {
				CODE_SIGN_ENTITLEMENTS = of.entitlements;
				COPY_PHASE_STRIP = NO;
				ENABLE_TESTABILITY = YES;
				GCC_OPTIMIZATION_LEVEL = 0;
				GCC_WARN_UNUSED_VARIABLE = NO;
				HEADER_SEARCH_PATHS = (
					"$(OF_CORE_HEADERS)",
					src,
				);
				OTHER_CPLUSPLUSFLAGS = "-D__MACOSX_CORE__";
			};
			name = Debug;
		};
		E4B69B4F0A3A1720003C02F2 /* Release */ = {
			isa = XCBuildConfiguration;
			baseConfigurationReference = E4EB6923138AFD0F00A09F29 /* Project.xcconfig */;
			buildSettings = {
				CODE_SIGN_ENTITLEMENTS = of.entitlements;
				COPY_PHASE_STRIP = YES;
				GCC_OPTIMIZATION_LEVEL = 3;
				GCC_UNROLL_LOOPS = YES;
				HEADER_SEARCH_PATHS = (
					"$(OF_CORE_HEADERS)",
					src,
				);
				OTHER_CPLUSPLUSFLAGS = "-D__MACOSX_CORE__";
			};
			name = Release;
		};
		E4B69B600A3A1757003C02F2 /* Debug */ = {
			isa = XCBuildConfiguration;
			baseConfigurationReference = E4EB6923138AFD0F00A09F29 /* Project.xcconfig */;
			buildSettings = {
				ARCHS = "$(ARCHS_STANDARD)";
				COPY_PHASE_STRIP = NO;
				FRAMEWORK_SEARCH_PATHS = "$(inherited)";
				GCC_DYNAMIC_NO_PIC = NO;
				HEADER_SEARCH_PATHS = (
					"$(OF_CORE_HEADERS)",
					src,
					src,
					../../../addons/ofxRules/src,
					../../../addons/ofxRules/src/actions,
					../../../addons/ofxXmlSettings/libs,
					../../../addons/ofxXmlSettings/src,
				);
				LIBRARY_SEARCH_PATHS = "$(inherited)";
				OTHER_LDFLAGS = (
					"$(OF_CORE_LIBS)",
					"$(OF_CORE_FRAMEWORKS)",
					"$(LIB_OF_DEBUG)",
				);
			};
			name = Debug;
		};
		E4B69B610A3A1757003C02F2 /* Release */ = {
			isa = XCBuildConfiguration;
			baseConfigurationReference = E4EB6923138AFD0F00A09F29 /* Project.xcconfig */;
			buildSettings = {
				ARCHS = "$(ARCHS_STANDARD)";
				COPY_PHASE_STRIP = YES;
				FRAMEWORK_SEARCH_PATHS = "$(inherited)";
				HEADER_SEARCH_PATHS = (
					"$(OF_CORE_HEADERS)",
					src,
					src,
					../../../addons/ofxRules/src,
					../../../addons/ofxRules/src/actions,
					../../../addons/ofxXmlSettings/libs,
					../../../addons/ofxXmlSettings/src,
				);
				LIBRARY_SEARCH_PATHS = "$(inherited)";
				OTHER_LDFLAGS = (
					"$(OF_CORE_LIBS)",
					"$(OF_CORE_FRAMEWORKS)",
					"$(LIB_OF)",
				);
				baseConfigurationReference = E4EB6923138AFD0F00A09F29;
			};
			name = Release;
		};
/* End XCBuildConfiguration section */

/* Begin XCConfigurationList section */
		E4B69B4D0A3A1720003C02F2 /* Build configuration list for PBXProject "example-programmatic" */ = {
			isa = XCConfigurationList;
			buildConfigurations = (
				E4B69B4E0A3A1720003C02F2 /* Debug */,
				E4B69B4F0A3A1720003C02F2 /* Release */,
			);
			defaultConfigurationIsVisible = 0;
			defaultConfigurationName = Release;
		};
		E4B69B5F0A3A1757003C02F2 /* Build configuration list for PBXNativeTarget "example-programmatic" */ = {
			isa = XCConfigurationList;
			buildConfigurations = (
				E4B69B600A3A1757003C02F2 /* Debug */,
				E4B69B610A3A1757003C02F2 /* Release */,
			);
			defaultConfigurationIsVisible = 0;
			defaultConfigurationName = Release;
		};
/* End XCConfigurationList section */
	};
	rootObject = E4B69B4C0A3A1720003C02F2 /* Project object */;
}
