// !$*UTF8*$!
{
	archiveVersion = 1;
	classes = {
	};
	objectVersion = 54;
	objects = {

/* Begin PBXBuildFile section */
		"0AE3FF19-E6E8-4F8A-BC91-E62B9E67E563" /* PlaneAction.cpp in Sources */ = {isa = PBXBuildFile; fileRef = "1128F51E-4111-4FA5-A779-8F21308FD7ED" /* PlaneAction.cpp */; };
		"0B70F0B3-B6C7-4968-B344-0B189E2B7A0C" /* Branch.cpp in Sources */ = {isa = PBXBuildFile; fileRef = "A990CCEE-FE43-4340-A82B-5ED1C0AEDDD4" /* Branch.cpp */; };
		"1F38FD1C-2113-4250-827B-FDD5E64A8D68" /* IcosphereAction.cpp in Sources */ = {isa = PBXBuildFile; fileRef = "78240FD5-5EDF-4F5D-ABAD-3252792C3644" /* IcosphereAction.cpp */; };
		"2A1951A3-F3E7-47CB-98C4-4432DC87F2D7" /* ofxXmlSettings.cpp in Sources */ = {isa = PBXBuildFile; fileRef = "4D442F30-56C3-42C4-A966-50DAEE14A0CE" /* ofxXmlSettings.cpp */; };
		"2AD59537-C5A0-4012-91E5-02B122D5CE4B" /* Rules.cpp in Sources */ = {isa = PBXBuildFile; fileRef = "69ACE907-5EDB-462C-9A8A-1EF58F49D3F4" /* Rules.cpp */; };
		"3944C307-FC8F-4F14-A78A-799EF6F6FEF5" /* RuleSet.cpp in Sources */ = {isa = PBXBuildFile; fileRef = "F56893ED-383C-4A16-BA62-96ACAF6729C0" /* RuleSet.cpp */; };
		"40E81B40-7D39-4AD1-AAF2-0020ECE618D9" /* tinyxml.cpp in Sources */ = {isa = PBXBuildFile; fileRef = "2C73935D-CCB6-4AEA-842A-87108A5E8D67" /* tinyxml.cpp */; };
		"4AEC3F25-A09A-45AA-8CBA-8FE0404C5BD8" /* ConeAction.cpp in Sources */ = {isa = PBXBuildFile; fileRef = "BBD68FFD-A075-4F72-9A3C-5A722D04124D" /* ConeAction.cpp */; };
		"4D27E878-B1B4-4778-A7C9-58CE89C12B35" /* LineAction.cpp in Sources */ = {isa = PBXBuildFile; fileRef = "5F396A68-9C1A-47BE-9F45-7C98E67B561A" /* LineAction.cpp */; };
		"5319125E-6941-4608-A037-34C763D89F2F" /* tinyxmlparser.cpp in Sources */ = {isa = PBXBuildFile; fileRef = "A0B30D34-216F-4955-925C-998F474461FE" /* tinyxmlparser.cpp */; };
		"6700D4EE-7691-4289-8A68-43C2F0F2FC1A" /* TransformAction.cpp in Sources */ = {isa = PBXBuildFile; fileRef = "D42899CC-6587-42D1-B1AF-CD421E8FDAB8" /* TransformAction.cpp */; };
		"6C2D3447-1C23-49C3-BC30-199BE02A9F25" /* testApp.cpp in Sources */ = {isa = PBXBuildFile; fileRef = "EF49376E-6939-465C-B1D8-953607F0D5C9" /* testApp.cpp */; };
		"6C98C2EE-5B60-4B58-93E5-91329333AA66" /* CubeAction.cpp in Sources */ = {isa = PBXBuildFile; fileRef = "7552E953-6872-4BC6-A4BF-AC38A6386677" /* CubeAction.cpp */; };
		"98900455-A613-4E4B-A34B-CA96080EBD34" /* Action.cpp in Sources */ = {isa = PBXBuildFile; fileRef = "E5A67B61-7DFC-472E-9A31-A6A501FB665F" /* Action.cpp */; };
		"98DF6CEC-2C8A-43EC-A569-FB20DF570631" /* PointAction.cpp in Sources */ = {isa = PBXBuildFile; fileRef = "3872E573-24B8-4512-9E44-C8F9B43C663B" /* PointAction.cpp */; };
		"CD62F59A-2B25-466D-B204-9A9FC52FB688" /* Rule.cpp in Sources */ = {isa = PBXBuildFile; fileRef = "AAC326AB-2338-4E18-8831-E70ADBE82A6D" /* Rule.cpp */; };
		E4B69E200A3A1BDC003C02F2 /* main.cpp in Sources */ = {isa = PBXBuildFile; fileRef = E4B69E1D0A3A1BDC003C02F2 /* main.cpp */; };
		"EEEBE615-8B57-4178-973B-0EEA18914067" /* tinyxmlerror.cpp in Sources */ = {isa = PBXBuildFile; fileRef = "DE1F6749-8CD0-468E-B466-FC8AC10DC78E" /* tinyxmlerror.cpp */; };
		"F4C99FE3-6B0E-4794-9A94-2CA8F2B09FC8" /* TubeAction.cpp in Sources */ = {isa = PBXBuildFile; fileRef = "758B2478-2BE6-4D59-BF59-C91432B4E0C1" /* TubeAction.cpp */; };
/* End PBXBuildFile section */

/* Begin PBXCopyFilesBuildPhase section */
		E4A5B60F29BAAAE400C2D356 /* CopyFiles */ = {
			isa = PBXCopyFilesBuildPhase;
			buildActionMask = 2147483647;
			dstPath = "";
			dstSubfolderSpec = 6;
			files = (
			);
			runOnlyForDeploymentPostprocessing = 0;
		};
		E4C2427710CC5ABF004149E2 /* CopyFiles */ = {
			isa = PBXCopyFilesBuildPhase;
			buildActionMask = 2147483647;
			dstPath = "";
			dstSubfolderSpec = 10;
			files = (
			);
			runOnlyForDeploymentPostprocessing = 0;
		};
/* End PBXCopyFilesBuildPhase section */

/* Begin PBXFileReference section */
		"086544A0-11CC-4058-A469-C081F24E3EC9" /* testApp.h */ = {isa = PBXFileReference; explicitFileType = sourcecode.c.h; fileEncoding = 4; name = testApp.h; path = src/testApp.h; sourceTree = SOURCE_ROOT; };
		"0E3E6EB3-B59F-4E39-A543-E4A48002FBDB" /* ofxRules.h */ = {isa = PBXFileReference; explicitFileType = sourcecode.c.h; fileEncoding = 4; name = ofxRules.h; path = ../../../addons/ofxRules/src/ofxRules.h; sourceTree = SOURCE_ROOT; };
		"0FAD1D15-C93A-4A34-8F5B-1418EC68B59F" /* PointAction.h */ = {isa = PBXFileReference; explicitFileType = sourcecode.c.h; fileEncoding = 4; name = PointAction.h; path = ../../../addons/ofxRules/src/actions/PointAction.h; sourceTree = SOURCE_ROOT; };
		"1128F51E-4111-4FA5-A779-8F21308FD7ED" /* PlaneAction.cpp */ = {isa = PBXFileReference; explicitFileType = sourcecode.cpp.cpp; fileEncoding = 4; name = PlaneAction.cpp; path = ../../../addons/ofxRules/src/actions/PlaneAction.cpp; sourceTree = SOURCE_ROOT; };
		191CD6FA2847E21E0085CBB6 /* of.entitlements */ = {isa = PBXFileReference; fileEncoding = 4; lastKnownFileType = text.plist.entitlements; path = of.entitlements; sourceTree = "<group>"; };
		191EF70929D778A400F35F26 /* openFrameworks */ = {isa = PBXFileReference; lastKnownFileType = folder; name = openFrameworks; path = ../../../libs/openFrameworks; sourceTree = SOURCE_ROOT; };
		"2B1F17CC-0746-4084-9111-4AEBB7AFD9A0" /* PlaneAction.h */ = {isa = PBXFileReference; explicitFileType = sourcecode.c.h; fileEncoding = 4; name = PlaneAction.h; path = ../../../addons/ofxRules/src/actions/PlaneAction.h; sourceTree = SOURCE_ROOT; };
		"2C73935D-CCB6-4AEA-842A-87108A5E8D67" /* tinyxml.cpp */ = {isa = PBXFileReference; explicitFileType = sourcecode.cpp.cpp; fileEncoding = 4; name = tinyxml.cpp; path = ../../../addons/ofxXmlSettings/libs/tinyxml.cpp; sourceTree = SOURCE_ROOT; };
		"359BE9FE-A0BF-4C0A-A98A-DBC4881887F6" /* ConeAction.h */ = {isa = PBXFileReference; explicitFileType = sourcecode.c.h; fileEncoding = 4; name = ConeAction.h; path = ../../../addons/ofxRules/src/actions/ConeAction.h; sourceTree = SOURCE_ROOT; };
		"3872E573-24B8-4512-9E44-C8F9B43C663B" /* PointAction.cpp */ = {isa = PBXFileReference; explicitFileType = sourcecode.cpp.cpp; fileEncoding = 4; name = PointAction.cpp; path = ../../../addons/ofxRules/src/actions/PointAction.cpp; sourceTree = SOURCE_ROOT; };
		"392E3A4D-84FD-494D-90A3-0E305B1EF4B5" /* Rule.h */ = {isa = PBXFileReference; explicitFileType = sourcecode.c.h; fileEncoding = 4; name = Rule.h; path = ../../../addons/ofxRules/src/Rule.h; sourceTree = SOURCE_ROOT; };
		"3EC2A592-2F3A-437F-907A-7213502A0CF6" /* Branch.h */ = {isa = PBXFileReference; explicitFileType = sourcecode.c.h; fileEncoding = 4; name = Branch.h; path = ../../../addons/ofxRules/src/Branch.h; sourceTree = SOURCE_ROOT; };
		"4D442F30-56C3-42C4-A966-50DAEE14A0CE" /* ofxXmlSettings.cpp */ = {isa = PBXFileReference; explicitFileType = sourcecode.cpp.cpp; fileEncoding = 4; name = ofxXmlSettings.cpp; path = ../../../addons/ofxXmlSettings/src/ofxXmlSettings.cpp; sourceTree = SOURCE_ROOT; };
		"5F396A68-9C1A-47BE-9F45-7C98E67B561A" /* LineAction.cpp */ = {isa = PBXFileReference; explicitFileType = sourcecode.cpp.cpp; fileEncoding = 4; name = LineAction.cpp; path = ../../../addons/ofxRules/src/actions/LineAction.cpp; sourceTree = SOURCE_ROOT; };
		"69ACE907-5EDB-462C-9A8A-1EF58F49D3F4" /* Rules.cpp */ = {isa = PBXFileReference; explicitFileType = sourcecode.cpp.cpp; fileEncoding = 4; name = Rules.cpp; path = ../../../addons/ofxRules/src/Rules.cpp; sourceTree = SOURCE_ROOT; };
		"6A20B60D-ECD8-410A-9779-83CACE2D15D8" /* TransformAction.h */ = {isa = PBXFileReference; explicitFileType = sourcecode.c.h; fileEncoding = 4; name = TransformAction.h; path = ../../../addons/ofxRules/src/actions/TransformAction.h; sourceTree = SOURCE_ROOT; };
		"6B53E3F1-B0D0-4021-8C7F-00E96A7FAECB" /* Action.h */ = {isa = PBXFileReference; explicitFileType = sourcecode.c.h; fileEncoding = 4; name = Action.h; path = ../../../addons/ofxRules/src/actions/Action.h; sourceTree = SOURCE_ROOT; };
		"7552E953-6872-4BC6-A4BF-AC38A6386677" /* CubeAction.cpp */ = {isa = PBXFileReference; explicitFileType = sourcecode.cpp.cpp; fileEncoding = 4; name = CubeAction.cpp; path = ../../../addons/ofxRules/src/actions/CubeAction.cpp; sourceTree = SOURCE_ROOT; };
		"758B2478-2BE6-4D59-BF59-C91432B4E0C1" /* TubeAction.cpp */ = {isa = PBXFileReference; explicitFileType = sourcecode.cpp.cpp; fileEncoding = 4; name = TubeAction.cpp; path = ../../../addons/ofxRules/src/actions/TubeAction.cpp; sourceTree = SOURCE_ROOT; };
		"78240FD5-5EDF-4F5D-ABAD-3252792C3644" /* IcosphereAction.cpp */ = {isa = PBXFileReference; explicitFileType = sourcecode.cpp.cpp; fileEncoding = 4; name = IcosphereAction.cpp; path = ../../../addons/ofxRules/src/actions/IcosphereAction.cpp; sourceTree = SOURCE_ROOT; };
		"7C749DFC-A745-4FE4-9051-265C423D72F0" /* tinyxml.h */ = {isa = PBXFileReference; explicitFileType = sourcecode.c.h; fileEncoding = 4; name = tinyxml.h; path = ../../../addons/ofxXmlSettings/libs/tinyxml.h; sourceTree = SOURCE_ROOT; };
		"7D53FD65-AB18-42FD-9A7B-3435FFCA112B" /* TubeAction.h */ = {isa = PBXFileReference; explicitFileType = sourcecode.c.h; fileEncoding = 4; name = TubeAction.h; path = ../../../addons/ofxRules/src/actions/TubeAction.h; sourceTree = SOURCE_ROOT; };
		"87549F5F-19BE-4791-BCB4-0BB5089518EA" /* RuleSet.h */ = {isa = PBXFileReference; explicitFileType = sourcecode.c.h; fileEncoding = 4; name = RuleSet.h; path = ../../../addons/ofxRules/src/RuleSet.h; sourceTree = SOURCE_ROOT; };
		"93872C83-6105-485B-BFCF-6959FD41E675" /* CubeAction.h */ = {isa = PBXFileReference; explicitFileType = sourcecode.c.h; fileEncoding = 4; name = CubeAction.h; path = ../../../addons/ofxRules/src/actions/CubeAction.h; sourceTree = SOURCE_ROOT; };
		"A0B30D34-216F-4955-925C-998F474461FE" /* tinyxmlparser.cpp */ = {isa = PBXFileReference; explicitFileType = sourcecode.cpp.cpp; fileEncoding = 4; name = tinyxmlparser.cpp; path = ../../../addons/ofxXmlSettings/libs/tinyxmlparser.cpp; sourceTree = SOURCE_ROOT; };
		"A990CCEE-FE43-4340-A82B-5ED1C0AEDDD4" /* Branch.cpp */ = {isa = PBXFileReference; explicitFileType = sourcecode.cpp.cpp; fileEncoding = 4; name = Branch.cpp; path = ../../../addons/ofxRules/src/Branch.cpp; sourceTree = SOURCE_ROOT; };
		"AAC326AB-2338-4E18-8831-E70ADBE82A6D" /* Rule.cpp */ = {isa = PBXFileReference; explicitFileType = sourcecode.cpp.cpp; fileEncoding = 4; name = Rule.cpp; path = ../../../addons/ofxRules/src/Rule.cpp; sourceTree = SOURCE_ROOT; };
		"ABAB33E9-3D25-47B1-BC80-1C31395B3E95" /* LineAction.h */ = {isa = PBXFileReference; explicitFileType = sourcecode.c.h; fileEncoding = 4; name = LineAction.h; path = ../../../addons/ofxRules/src/actions/LineAction.h; sourceTree = SOURCE_ROOT; };
		"BBD68FFD-A075-4F72-9A3C-5A722D04124D" /* ConeAction.cpp */ = {isa = PBXFileReference; explicitFileType = sourcecode.cpp.cpp; fileEncoding = 4; name = ConeAction.cpp; path = ../../../addons/ofxRules/src/actions/ConeAction.cpp; sourceTree = SOURCE_ROOT; };
		"D42899CC-6587-42D1-B1AF-CD421E8FDAB8" /* TransformAction.cpp */ = {isa = PBXFileReference; explicitFileType = sourcecode.cpp.cpp; fileEncoding = 4; name = TransformAction.cpp; path = ../../../addons/ofxRules/src/actions/TransformAction.cpp; sourceTree = SOURCE_ROOT; };
		"DAC80C5E-9662-4169-9E39-81B728F8A9F6" /* Rules.h */ = {isa = PBXFileReference; explicitFileType = sourcecode.c.h; fileEncoding = 4; name = Rules.h; path = ../../../addons/ofxRules/src/Rules.h; sourceTree = SOURCE_ROOT; };
		"DE1F6749-8CD0-468E-B466-FC8AC10DC78E" /* tinyxmlerror.cpp */ = {isa = PBXFileReference; explicitFileType = sourcecode.cpp.cpp; fileEncoding = 4; name = tinyxmlerror.cpp; path = ../../../addons/ofxXmlSettings/libs/tinyxmlerror.cpp; sourceTree = SOURCE_ROOT; };
		"E191DD06-E867-446C-97CF-6E5D1CBDAB6F" /* ofxXmlSettings.h */ = {isa = PBXFileReference; explicitFileType = sourcecode.c.h; fileEncoding = 4; name = ofxXmlSettings.h; path = ../../../addons/ofxXmlSettings/src/ofxXmlSettings.h; sourceTree = SOURCE_ROOT; };
		E4B69B5B0A3A1756003C02F2 /* example-fileDebug.app */ = {isa = PBXFileReference; explicitFileType = wrapper.application; includeInIndex = 0; path = "example-fileDebug.app"; sourceTree = BUILT_PRODUCTS_DIR; };
		E4B69E1D0A3A1BDC003C02F2 /* main.cpp */ = {isa = PBXFileReference; fileEncoding = 4; lastKnownFileType = sourcecode.cpp.cpp; name = main.cpp; path = src/main.cpp; sourceTree = SOURCE_ROOT; };
		E4B6FCAD0C3E899E008CF71C /* openFrameworks-Info.plist */ = {isa = PBXFileReference; fileEncoding = 4; lastKnownFileType = text.plist.xml; path = "openFrameworks-Info.plist"; sourceTree = "<group>"; };
		E4EB6923138AFD0F00A09F29 /* Project.xcconfig */ = {isa = PBXFileReference; fileEncoding = 4; lastKnownFileType = text.xcconfig; path = Project.xcconfig; sourceTree = "<group>"; };
		"E5A67B61-7DFC-472E-9A31-A6A501FB665F" /* Action.cpp */ = {isa = PBXFileReference; explicitFileType = sourcecode.cpp.cpp; fileEncoding = 4; name = Action.cpp; path = ../../../addons/ofxRules/src/actions/Action.cpp; sourceTree = SOURCE_ROOT; };
		"EF49376E-6939-465C-B1D8-953607F0D5C9" /* testApp.cpp */ = {isa = PBXFileReference; explicitFileType = sourcecode.cpp.cpp; fileEncoding = 4; name = testApp.cpp; path = src/testApp.cpp; sourceTree = SOURCE_ROOT; };
		"F42B9A7C-7DE3-4F43-AFF0-6EA98E198BCE" /* IcosphereAction.h */ = {isa = PBXFileReference; explicitFileType = sourcecode.c.h; fileEncoding = 4; name = IcosphereAction.h; path = ../../../addons/ofxRules/src/actions/IcosphereAction.h; sourceTree = SOURCE_ROOT; };
		"F56893ED-383C-4A16-BA62-96ACAF6729C0" /* RuleSet.cpp */ = {isa = PBXFileReference; explicitFileType = sourcecode.cpp.cpp; fileEncoding = 4; name = RuleSet.cpp; path = ../../../addons/ofxRules/src/RuleSet.cpp; sourceTree = SOURCE_ROOT; };
/* End PBXFileReference section */

/* Begin PBXFrameworksBuildPhase section */
		E4B69B590A3A1756003C02F2 /* Frameworks */ = {
			isa = PBXFrameworksBuildPhase;
			buildActionMask = 2147483647;
			files = (
			);
			runOnlyForDeploymentPostprocessing = 0;
		};
/* End PBXFrameworksBuildPhase section */

/* Begin PBXGroup section */
		"28C8E356-F38A-41E5-A82B-A7934500BE60" /* ofxXmlSettings */ = {
			isa = PBXGroup;
			children = (
				"F48D806F-F3FF-4E02-9A9C-7136DC4196D4" /* libs */,
				"4FF60D5F-E328-4D9D-A69A-F28D544AC9F1" /* src */,
			);
			name = ofxXmlSettings;
			path = ../../../addons/ofxXmlSettings;
			sourceTree = SOURCE_ROOT;
		};
		"37F599CE-5926-44AE-9C77-B2ABD00EEFC2" /* actions */ = {
			isa = PBXGroup;
			children = (
				"E5A67B61-7DFC-472E-9A31-A6A501FB665F" /* Action.cpp */,
				"6B53E3F1-B0D0-4021-8C7F-00E96A7FAECB" /* Action.h */,
				"BBD68FFD-A075-4F72-9A3C-5A722D04124D" /* ConeAction.cpp */,
				"359BE9FE-A0BF-4C0A-A98A-DBC4881887F6" /* ConeAction.h */,
				"7552E953-6872-4BC6-A4BF-AC38A6386677" /* CubeAction.cpp */,
				"93872C83-6105-485B-BFCF-6959FD41E675" /* CubeAction.h */,
				"78240FD5-5EDF-4F5D-ABAD-3252792C3644" /* IcosphereAction.cpp */,
				"F42B9A7C-7DE3-4F43-AFF0-6EA98E198BCE" /* IcosphereAction.h */,
				"5F396A68-9C1A-47BE-9F45-7C98E67B561A" /* LineAction.cpp */,
				"ABAB33E9-3D25-47B1-BC80-1C31395B3E95" /* LineAction.h */,
				"1128F51E-4111-4FA5-A779-8F21308FD7ED" /* PlaneAction.cpp */,
				"2B1F17CC-0746-4084-9111-4AEBB7AFD9A0" /* PlaneAction.h */,
				"3872E573-24B8-4512-9E44-C8F9B43C663B" /* PointAction.cpp */,
				"0FAD1D15-C93A-4A34-8F5B-1418EC68B59F" /* PointAction.h */,
				"D42899CC-6587-42D1-B1AF-CD421E8FDAB8" /* TransformAction.cpp */,
				"6A20B60D-ECD8-410A-9779-83CACE2D15D8" /* TransformAction.h */,
				"758B2478-2BE6-4D59-BF59-C91432B4E0C1" /* TubeAction.cpp */,
				"7D53FD65-AB18-42FD-9A7B-3435FFCA112B" /* TubeAction.h */,
			);
			name = actions;
			path = ../../../addons/ofxRules/src/actions;
			sourceTree = SOURCE_ROOT;
		};
		"4FF60D5F-E328-4D9D-A69A-F28D544AC9F1" /* src */ = {
			isa = PBXGroup;
			children = (
				"4D442F30-56C3-42C4-A966-50DAEE14A0CE" /* ofxXmlSettings.cpp */,
				"E191DD06-E867-446C-97CF-6E5D1CBDAB6F" /* ofxXmlSettings.h */,
			);
			name = src;
			path = ../../../addons/ofxXmlSettings/src;
			sourceTree = SOURCE_ROOT;
		};
		BB4B014C10F69532006C3DED /* addons */ = {
			isa = PBXGroup;
			children = (
				"F67B1541-8886-49A5-A85C-E4D81A780F83" /* ofxRules */,
				"28C8E356-F38A-41E5-A82B-A7934500BE60" /* ofxXmlSettings */,
			);
			name = addons;
			path = ../../../addons;
			sourceTree = "<group>";
		};
		"C2FEA9EC-A023-4154-A462-185412CF5CEE" /* src */ = {
			isa = PBXGroup;
			children = (
				"A990CCEE-FE43-4340-A82B-5ED1C0AEDDD4" /* Branch.cpp */,
				"3EC2A592-2F3A-437F-907A-7213502A0CF6" /* Branch.h */,
				"AAC326AB-2338-4E18-8831-E70ADBE82A6D" /* Rule.cpp */,
				"392E3A4D-84FD-494D-90A3-0E305B1EF4B5" /* Rule.h */,
				"F56893ED-383C-4A16-BA62-96ACAF6729C0" /* RuleSet.cpp */,
				"87549F5F-19BE-4791-BCB4-0BB5089518EA" /* RuleSet.h */,
				"69ACE907-5EDB-462C-9A8A-1EF58F49D3F4" /* Rules.cpp */,
				"DAC80C5E-9662-4169-9E39-81B728F8A9F6" /* Rules.h */,
				"37F599CE-5926-44AE-9C77-B2ABD00EEFC2" /* actions */,
				"0E3E6EB3-B59F-4E39-A543-E4A48002FBDB" /* ofxRules.h */,
			);
			name = src;
			path = ../../../addons/ofxRules/src;
			sourceTree = SOURCE_ROOT;
		};
		E4B69B4A0A3A1720003C02F2 = {
			isa = PBXGroup;
			children = (
				191CD6FA2847E21E0085CBB6 /* of.entitlements */,
				E4B6FCAD0C3E899E008CF71C /* openFrameworks-Info.plist */,
				E4EB6923138AFD0F00A09F29 /* Project.xcconfig */,
				E4B69E1C0A3A1BDC003C02F2 /* src */,
				191EF70929D778A400F35F26 /* openFrameworks */,
				BB4B014C10F69532006C3DED /* addons */,
				E4B69B5B0A3A1756003C02F2 /* example-fileDebug.app */,
			);
			sourceTree = "<group>";
		};
		E4B69E1C0A3A1BDC003C02F2 /* src */ = {
			isa = PBXGroup;
			children = (
				E4B69E1D0A3A1BDC003C02F2 /* main.cpp */,
				"EF49376E-6939-465C-B1D8-953607F0D5C9" /* testApp.cpp */,
				"086544A0-11CC-4058-A469-C081F24E3EC9" /* testApp.h */,
			);
			path = src;
			sourceTree = SOURCE_ROOT;
		};
		"F48D806F-F3FF-4E02-9A9C-7136DC4196D4" /* libs */ = {
			isa = PBXGroup;
			children = (
				"2C73935D-CCB6-4AEA-842A-87108A5E8D67" /* tinyxml.cpp */,
				"7C749DFC-A745-4FE4-9051-265C423D72F0" /* tinyxml.h */,
				"DE1F6749-8CD0-468E-B466-FC8AC10DC78E" /* tinyxmlerror.cpp */,
				"A0B30D34-216F-4955-925C-998F474461FE" /* tinyxmlparser.cpp */,
			);
			name = libs;
			path = ../../../addons/ofxXmlSettings/libs;
			sourceTree = SOURCE_ROOT;
		};
		"F67B1541-8886-49A5-A85C-E4D81A780F83" /* ofxRules */ = {
			isa = PBXGroup;
			children = (
				"C2FEA9EC-A023-4154-A462-185412CF5CEE" /* src */,
			);
			name = ofxRules;
			path = ../../../addons/ofxRules;
			sourceTree = SOURCE_ROOT;
		};
/* End PBXGroup section */

/* Begin PBXNativeTarget section */
		E4B69B5A0A3A1756003C02F2 /* example-file */ = {
			isa = PBXNativeTarget;
			buildConfigurationList = E4B69B5F0A3A1757003C02F2 /* Build configuration list for PBXNativeTarget "example-file" */;
			buildPhases = (
				E42962A92163ECCD00A6A9E2 /* Run Script — Compile OF */,
				E4B69B580A3A1756003C02F2 /* Sources */,
				E4B69B590A3A1756003C02F2 /* Frameworks */,
				E4C2427710CC5ABF004149E2 /* CopyFiles */,
				E4A5B60F29BAAAE400C2D356 /* CopyFiles */,
				19B789C429E5AB4A0082E9B8 /* ShellScript */,
			);
			buildRules = (
			);
			dependencies = (
			);
			name = "example-file";
			productName = myOFApp;
			productReference = E4B69B5B0A3A1756003C02F2 /* example-fileDebug.app */;
			productType = "com.apple.product-type.application";
		};
/* End PBXNativeTarget section */

/* Begin PBXProject section */
		E4B69B4C0A3A1720003C02F2 /* Project object */ = {
			isa = PBXProject;
			attributes = {
				LastUpgradeCheck = 0600;
			};
			buildConfigurationList = E4B69B4D0A3A1720003C02F2 /* Build configuration list for PBXProject "example-file" */;
			compatibilityVersion = "Xcode 3.2";
			developmentRegion = en;
			hasScannedForEncodings = 0;
			knownRegions = (
				en,
				Base,
			);
			mainGroup = E4B69B4A0A3A1720003C02F2;
			productRefGroup = E4B69B4A0A3A1720003C02F2;
			projectDirPath = "";
			projectRoot = "";
			targets = (
				E4B69B5A0A3A1756003C02F2 /* example-file */,
			);
		};
/* End PBXProject section */

/* Begin PBXShellScriptBuildPhase section */
		19B789C429E5AB4A0082E9B8 /* ShellScript */ = {
			isa = PBXShellScriptBuildPhase;
			buildActionMask = 2147483647;
			files = (
			);
			inputFileListPaths = (
			);
			inputPaths = (
			);
			outputFileListPaths = (
			);
			outputPaths = (
			);
			runOnlyForDeploymentPostprocessing = 0;
			shellPath = /bin/sh;
			shellScript = "\"$OF_PATH/scripts/osx/xcode_project.sh\"\n";
			showEnvVarsInLog = 0;
		};
		E42962A92163ECCD00A6A9E2 /* Run Script — Compile OF */ = {
			isa = PBXShellScriptBuildPhase;
			alwaysOutOfDate = 1;
			buildActionMask = 2147483647;
			files = (
			);
			inputPaths = (
			);
			name = "Run Script — Compile OF";
			outputPaths = (
			);
			runOnlyForDeploymentPostprocessing = 0;
			shellPath = /bin/sh;
			shellScript = "echo \"💾 Compiling Openframeworks\"\nxcodebuild -project \"$OF_PATH/libs/openFrameworksCompiled/project/osx/openFrameworksLib.xcodeproj\" -target openFrameworks -configuration \"${CONFIGURATION}\"  CLANG_CXX_LANGUAGE_STANDARD=$CLANG_CXX_LANGUAGE_STANDARD MACOSX_DEPLOYMENT_TARGET=$MACOSX_DEPLOYMENT_TARGET GCC_PREPROCESSOR_DEFINITIONS=$USER_PREPROCESSOR_DEFINITIONS\n";
			showEnvVarsInLog = 0;
		};
/* End PBXShellScriptBuildPhase section */

/* Begin PBXSourcesBuildPhase section */
		E4B69B580A3A1756003C02F2 /* Sources */ = {
			isa = PBXSourcesBuildPhase;
			buildActionMask = 2147483647;
			files = (
				E4B69E200A3A1BDC003C02F2 /* main.cpp in Sources */,
				"6C2D3447-1C23-49C3-BC30-199BE02A9F25" /* testApp.cpp in Sources */,
				"0B70F0B3-B6C7-4968-B344-0B189E2B7A0C" /* Branch.cpp in Sources */,
				"CD62F59A-2B25-466D-B204-9A9FC52FB688" /* Rule.cpp in Sources */,
				"3944C307-FC8F-4F14-A78A-799EF6F6FEF5" /* RuleSet.cpp in Sources */,
				"2AD59537-C5A0-4012-91E5-02B122D5CE4B" /* Rules.cpp in Sources */,
				"98900455-A613-4E4B-A34B-CA96080EBD34" /* Action.cpp in Sources */,
				"4AEC3F25-A09A-45AA-8CBA-8FE0404C5BD8" /* ConeAction.cpp in Sources */,
				"6C98C2EE-5B60-4B58-93E5-91329333AA66" /* CubeAction.cpp in Sources */,
				"1F38FD1C-2113-4250-827B-FDD5E64A8D68" /* IcosphereAction.cpp in Sources */,
				"4D27E878-B1B4-4778-A7C9-58CE89C12B35" /* LineAction.cpp in Sources */,
				"0AE3FF19-E6E8-4F8A-BC91-E62B9E67E563" /* PlaneAction.cpp in Sources */,
				"98DF6CEC-2C8A-43EC-A569-FB20DF570631" /* PointAction.cpp in Sources */,
				"6700D4EE-7691-4289-8A68-43C2F0F2FC1A" /* TransformAction.cpp in Sources */,
				"F4C99FE3-6B0E-4794-9A94-2CA8F2B09FC8" /* TubeAction.cpp in Sources */,
				"40E81B40-7D39-4AD1-AAF2-0020ECE618D9" /* tinyxml.cpp in Sources */,
				"EEEBE615-8B57-4178-973B-0EEA18914067" /* tinyxmlerror.cpp in Sources */,
				"5319125E-6941-4608-A037-34C763D89F2F" /* tinyxmlparser.cpp in Sources */,
				"2A1951A3-F3E7-47CB-98C4-4432DC87F2D7" /* ofxXmlSettings.cpp in Sources */,
			);
			runOnlyForDeploymentPostprocessing = 0;
		};
/* End PBXSourcesBuildPhase section */

/* Begin XCBuildConfiguration section */
		E4B69B4E0A3A1720003C02F2 /* Debug */ = {
			isa = XCBuildConfiguration;
			baseConfigurationReference = E4EB6923138AFD0F00A09F29 /* Project.xcconfig */;
			buildSettings = {
				CODE_SIGN_ENTITLEMENTS = of.entitlements;
				COPY_PHASE_STRIP = NO;
				ENABLE_TESTABILITY = YES;
				GCC_OPTIMIZATION_LEVEL = 0;
				GCC_WARN_UNUSED_VARIABLE = NO;
				HEADER_SEARCH_PATHS = (
					"$(OF_CORE_HEADERS)",
					src,
				);
				OTHER_CPLUSPLUSFLAGS = "-D__MACOSX_CORE__";
			};
			name = Debug;
		};
		E4B69B4F0A3A1720003C02F2 /* Release */ = {
			isa = XCBuildConfiguration;
			baseConfigurationReference = E4EB6923138AFD0F00A09F29 /* Project.xcconfig */;
			buildSettings = {
				CODE_SIGN_ENTITLEMENTS = of.entitlements;
				COPY_PHASE_STRIP = YES;
				GCC_OPTIMIZATION_LEVEL = 3;
				GCC_UNROLL_LOOPS = YES;
				HEADER_SEARCH_PATHS = (
					"$(OF_CORE_HEADERS)",
					src,
				);
				OTHER_CPLUSPLUSFLAGS = "-D__MACOSX_CORE__";
			};
			name = Release;
		};
		E4B69B600A3A1757003C02F2 /* Debug */ = {
			isa = XCBuildConfiguration;
			baseConfigurationReference = E4EB6923138AFD0F00A09F29 /* Project.xcconfig */;
			buildSettings = {
				ARCHS = "$(ARCHS_STANDARD)";
				COPY_PHASE_STRIP = NO;
				FRAMEWORK_SEARCH_PATHS = "$(inherited)";
				GCC_DYNAMIC_NO_PIC = NO;
				HEADER_SEARCH_PATHS = (
					"$(OF_CORE_HEADERS)",
					src,
					src,
					../../../addons/ofxRules/src,
					../../../addons/ofxRules/src/actions,
					../../../addons/ofxXmlSettings/libs,
					../../../addons/ofxXmlSettings/src,
				);
				LIBRARY_SEARCH_PATHS = "$(inherited)";
				OTHER_LDFLAGS = (
					"$(OF_CORE_LIBS)",
					"$(OF_CORE_FRAMEWORKS)",
					"$(LIB_OF_DEBUG)",
				);
			};
			name = Debug;
		};
		E4B69B610A3A1757003C02F2 /* Release */ = {
			isa = XCBuildConfiguration;
			baseConfigurationReference = E4EB6923138AFD0F00A09F29 /* Project.xcconfig */;
			buildSettings = {
				ARCHS = "$(ARCHS_STANDARD)";
				COPY_PHASE_STRIP = YES;
				FRAMEWORK_SEARCH_PATHS = "$(inherited)";
				HEADER_SEARCH_PATHS = (
					"$(OF_CORE_HEADERS)",
					src,
					src,
					../../../addons/ofxRules/src,
					../../../addons/ofxRules/src/actions,
					../../../addons/ofxXmlSettings/libs,
					../../../addons/ofxXmlSettings/src,
				);
				LIBRARY_SEARCH_PATHS = "$(inherited)";
				OTHER_LDFLAGS = (
					"$(OF_CORE_LIBS)",
					"$(OF_CORE_FRAMEWORKS)",
					"$(LIB_OF)",
				);
				baseConfigurationReference = E4EB6923138AFD0F00A09F29;
			};
			name = Release;
		};
/* End XCBuildConfiguration section */

/* Begin XCConfigurationList section */
		E4B69B4D0A3A1720003C02F2 /* Build configuration list for PBXProject "example-file" */ = {
			isa = XCConfigurationList;
			buildConfigurations = (
				E4B69B4E0A3A1720003C02F2 /* Debug */,
				E4B69B4F0A3A1720003C02F2 /* Release */,
			);
			defaultConfigurationIsVisible = 0;
			defaultConfigurationName = Release;
		};
		E4B69B5F0A3A1757003C02F2 /* Build configuration list for PBXNativeTarget "example-file" */ = {
			isa = XCConfigurationList;
			buildConfigurations = (
				E4B69B600A3A1757003C02F2 /* Debug */,
				E4B69B610A3A1757003C02F2 /* Release */,
			);
			defaultConfigurationIsVisible = 0;
			defaultConfigurationName = Release;
		};
/* End XCConfigurationList section */
	};
	rootObject = E4B69B4C0A3A1720003C02F2 /* Project object */;
}
